// !$*UTF8*$!
{
	archiveVersion = 1;
	classes = {
	};
	objectVersion = 46;
	objects = {

/* Begin PBXBuildFile section */
		1FC0EE0E20ED4A73AC768ABC /* libPods-Curiosity.a in Frameworks */ = {isa = PBXBuildFile; fileRef = 1844F48898D043FD89743073 /* libPods-Curiosity.a */; };
		2F2DBB1219C67799002CA7ED /* MyParticle.sks in Resources */ = {isa = PBXBuildFile; fileRef = 2F2DBB1019C67799002CA7ED /* MyParticle.sks */; };
		2F2DBB1319C67799002CA7ED /* spark.png in Resources */ = {isa = PBXBuildFile; fileRef = 2F2DBB1119C67799002CA7ED /* spark.png */; };
		2F68C18119AC15C1006EB529 /* MainSlidingViewController.swift in Sources */ = {isa = PBXBuildFile; fileRef = 2F68C18019AC15C1006EB529 /* MainSlidingViewController.swift */; };
		2F68C18219AC15C1006EB529 /* MainSlidingViewController.swift in Sources */ = {isa = PBXBuildFile; fileRef = 2F68C18019AC15C1006EB529 /* MainSlidingViewController.swift */; };
		2F68C19219AC1859006EB529 /* CuriosityDataModel.xcdatamodeld in Sources */ = {isa = PBXBuildFile; fileRef = 2F68C19019AC1859006EB529 /* CuriosityDataModel.xcdatamodeld */; };
		2F68C19319AC1859006EB529 /* CuriosityDataModel.xcdatamodeld in Sources */ = {isa = PBXBuildFile; fileRef = 2F68C19019AC1859006EB529 /* CuriosityDataModel.xcdatamodeld */; };
		2F68C19519AC1E6F006EB529 /* CoreData.framework in Frameworks */ = {isa = PBXBuildFile; fileRef = 2F68C19419AC1E6F006EB529 /* CoreData.framework */; };
		2F68C1AA19AC1F6B006EB529 /* Actor.swift in Sources */ = {isa = PBXBuildFile; fileRef = 2F68C1A919AC1F6B006EB529 /* Actor.swift */; };
		2F68C1AB19AC1F6B006EB529 /* Actor.swift in Sources */ = {isa = PBXBuildFile; fileRef = 2F68C1A919AC1F6B006EB529 /* Actor.swift */; };
		2F68C1AD19AC1F6C006EB529 /* InteractiveSceneElement.swift in Sources */ = {isa = PBXBuildFile; fileRef = 2F68C1AC19AC1F6C006EB529 /* InteractiveSceneElement.swift */; };
		2F68C1AE19AC1F6C006EB529 /* InteractiveSceneElement.swift in Sources */ = {isa = PBXBuildFile; fileRef = 2F68C1AC19AC1F6C006EB529 /* InteractiveSceneElement.swift */; };
		2F68C1B019AC1F6C006EB529 /* Environment.swift in Sources */ = {isa = PBXBuildFile; fileRef = 2F68C1AF19AC1F6C006EB529 /* Environment.swift */; };
		2F68C1B119AC1F6C006EB529 /* Environment.swift in Sources */ = {isa = PBXBuildFile; fileRef = 2F68C1AF19AC1F6C006EB529 /* Environment.swift */; };
		2F68C1B319AC1F6C006EB529 /* EnvironmentSceneElement.swift in Sources */ = {isa = PBXBuildFile; fileRef = 2F68C1B219AC1F6C006EB529 /* EnvironmentSceneElement.swift */; };
		2F68C1B419AC1F6C006EB529 /* EnvironmentSceneElement.swift in Sources */ = {isa = PBXBuildFile; fileRef = 2F68C1B219AC1F6C006EB529 /* EnvironmentSceneElement.swift */; };
		2F68C1B619AC1F6C006EB529 /* InteractiveScene.swift in Sources */ = {isa = PBXBuildFile; fileRef = 2F68C1B519AC1F6C006EB529 /* InteractiveScene.swift */; };
		2F68C1B719AC1F6C006EB529 /* InteractiveScene.swift in Sources */ = {isa = PBXBuildFile; fileRef = 2F68C1B519AC1F6C006EB529 /* InteractiveScene.swift */; };
		2F68C1B919AC1F6C006EB529 /* ActorSceneElement.swift in Sources */ = {isa = PBXBuildFile; fileRef = 2F68C1B819AC1F6C006EB529 /* ActorSceneElement.swift */; };
		2F68C1BA19AC1F6C006EB529 /* ActorSceneElement.swift in Sources */ = {isa = PBXBuildFile; fileRef = 2F68C1B819AC1F6C006EB529 /* ActorSceneElement.swift */; };
		2FBB756519AC12D300203EF8 /* AppDelegate.swift in Sources */ = {isa = PBXBuildFile; fileRef = 2FBB756419AC12D300203EF8 /* AppDelegate.swift */; };
		2FBB756719AC12D300203EF8 /* GameScene.sks in Resources */ = {isa = PBXBuildFile; fileRef = 2FBB756619AC12D300203EF8 /* GameScene.sks */; };
		2FBB756919AC12D300203EF8 /* GameScene.swift in Sources */ = {isa = PBXBuildFile; fileRef = 2FBB756819AC12D300203EF8 /* GameScene.swift */; };
		2FBB756B19AC12D300203EF8 /* GameViewController.swift in Sources */ = {isa = PBXBuildFile; fileRef = 2FBB756A19AC12D300203EF8 /* GameViewController.swift */; };
		2FBB756E19AC12D300203EF8 /* Main.storyboard in Resources */ = {isa = PBXBuildFile; fileRef = 2FBB756C19AC12D300203EF8 /* Main.storyboard */; };
		2FBB757019AC12D300203EF8 /* Images.xcassets in Resources */ = {isa = PBXBuildFile; fileRef = 2FBB756F19AC12D300203EF8 /* Images.xcassets */; };
		2FBB757C19AC12D300203EF8 /* CuriosityTests.swift in Sources */ = {isa = PBXBuildFile; fileRef = 2FBB757B19AC12D300203EF8 /* CuriosityTests.swift */; };
		E515950B26D54C449A912F82 /* libPods-CuriosityTests.a in Frameworks */ = {isa = PBXBuildFile; fileRef = 44801E0E557242EA84501B08 /* libPods-CuriosityTests.a */; };
/* End PBXBuildFile section */

/* Begin PBXContainerItemProxy section */
		2FBB757619AC12D300203EF8 /* PBXContainerItemProxy */ = {
			isa = PBXContainerItemProxy;
			containerPortal = 2FBB755719AC12D300203EF8 /* Project object */;
			proxyType = 1;
			remoteGlobalIDString = 2FBB755E19AC12D300203EF8;
			remoteInfo = Curiosity;
		};
/* End PBXContainerItemProxy section */

/* Begin PBXFileReference section */
		1844F48898D043FD89743073 /* libPods-Curiosity.a */ = {isa = PBXFileReference; explicitFileType = archive.ar; includeInIndex = 0; path = "libPods-Curiosity.a"; sourceTree = BUILT_PRODUCTS_DIR; };
		2F2DBB1019C67799002CA7ED /* MyParticle.sks */ = {isa = PBXFileReference; lastKnownFileType = file.sks; path = MyParticle.sks; sourceTree = "<group>"; };
		2F2DBB1119C67799002CA7ED /* spark.png */ = {isa = PBXFileReference; lastKnownFileType = image.png; path = spark.png; sourceTree = "<group>"; };
		2F68C17F19AC156A006EB529 /* ObjC-BridgingHeader.h */ = {isa = PBXFileReference; fileEncoding = 4; lastKnownFileType = sourcecode.c.h; path = "ObjC-BridgingHeader.h"; sourceTree = "<group>"; };
		2F68C18019AC15C1006EB529 /* MainSlidingViewController.swift */ = {isa = PBXFileReference; fileEncoding = 4; lastKnownFileType = sourcecode.swift; path = MainSlidingViewController.swift; sourceTree = "<group>"; };
		2F68C19119AC1859006EB529 /* CuriosityDataModel.xcdatamodel */ = {isa = PBXFileReference; lastKnownFileType = wrapper.xcdatamodel; path = CuriosityDataModel.xcdatamodel; sourceTree = "<group>"; };
		2F68C19419AC1E6F006EB529 /* CoreData.framework */ = {isa = PBXFileReference; lastKnownFileType = wrapper.framework; name = CoreData.framework; path = System/Library/Frameworks/CoreData.framework; sourceTree = SDKROOT; };
		2F68C1A919AC1F6B006EB529 /* Actor.swift */ = {isa = PBXFileReference; fileEncoding = 4; lastKnownFileType = sourcecode.swift; name = Actor.swift; path = Model/NSManagedObjectSubclasses/Actor.swift; sourceTree = "<group>"; };
		2F68C1AC19AC1F6C006EB529 /* InteractiveSceneElement.swift */ = {isa = PBXFileReference; fileEncoding = 4; lastKnownFileType = sourcecode.swift; name = InteractiveSceneElement.swift; path = Model/NSManagedObjectSubclasses/InteractiveSceneElement.swift; sourceTree = "<group>"; };
		2F68C1AF19AC1F6C006EB529 /* Environment.swift */ = {isa = PBXFileReference; fileEncoding = 4; lastKnownFileType = sourcecode.swift; name = Environment.swift; path = Model/NSManagedObjectSubclasses/Environment.swift; sourceTree = "<group>"; };
		2F68C1B219AC1F6C006EB529 /* EnvironmentSceneElement.swift */ = {isa = PBXFileReference; fileEncoding = 4; lastKnownFileType = sourcecode.swift; name = EnvironmentSceneElement.swift; path = Model/NSManagedObjectSubclasses/EnvironmentSceneElement.swift; sourceTree = "<group>"; };
		2F68C1B519AC1F6C006EB529 /* InteractiveScene.swift */ = {isa = PBXFileReference; fileEncoding = 4; lastKnownFileType = sourcecode.swift; name = InteractiveScene.swift; path = Model/NSManagedObjectSubclasses/InteractiveScene.swift; sourceTree = "<group>"; };
		2F68C1B819AC1F6C006EB529 /* ActorSceneElement.swift */ = {isa = PBXFileReference; fileEncoding = 4; lastKnownFileType = sourcecode.swift; name = ActorSceneElement.swift; path = Model/NSManagedObjectSubclasses/ActorSceneElement.swift; sourceTree = "<group>"; };
		2FBB755F19AC12D300203EF8 /* Curiosity.app */ = {isa = PBXFileReference; explicitFileType = wrapper.application; includeInIndex = 0; path = Curiosity.app; sourceTree = BUILT_PRODUCTS_DIR; };
		2FBB756319AC12D300203EF8 /* Info.plist */ = {isa = PBXFileReference; lastKnownFileType = text.plist.xml; path = Info.plist; sourceTree = "<group>"; };
		2FBB756419AC12D300203EF8 /* AppDelegate.swift */ = {isa = PBXFileReference; lastKnownFileType = sourcecode.swift; path = AppDelegate.swift; sourceTree = "<group>"; };
		2FBB756619AC12D300203EF8 /* GameScene.sks */ = {isa = PBXFileReference; lastKnownFileType = file.sks; path = GameScene.sks; sourceTree = "<group>"; };
		2FBB756819AC12D300203EF8 /* GameScene.swift */ = {isa = PBXFileReference; lastKnownFileType = sourcecode.swift; path = GameScene.swift; sourceTree = "<group>"; };
		2FBB756A19AC12D300203EF8 /* GameViewController.swift */ = {isa = PBXFileReference; lastKnownFileType = sourcecode.swift; path = GameViewController.swift; sourceTree = "<group>"; };
		2FBB756D19AC12D300203EF8 /* Base */ = {isa = PBXFileReference; lastKnownFileType = file.storyboard; name = Base; path = Base.lproj/Main.storyboard; sourceTree = "<group>"; };
		2FBB756F19AC12D300203EF8 /* Images.xcassets */ = {isa = PBXFileReference; lastKnownFileType = folder.assetcatalog; path = Images.xcassets; sourceTree = "<group>"; };
		2FBB757519AC12D300203EF8 /* CuriosityTests.xctest */ = {isa = PBXFileReference; explicitFileType = wrapper.cfbundle; includeInIndex = 0; path = CuriosityTests.xctest; sourceTree = BUILT_PRODUCTS_DIR; };
		2FBB757A19AC12D300203EF8 /* Info.plist */ = {isa = PBXFileReference; lastKnownFileType = text.plist.xml; path = Info.plist; sourceTree = "<group>"; };
		2FBB757B19AC12D300203EF8 /* CuriosityTests.swift */ = {isa = PBXFileReference; lastKnownFileType = sourcecode.swift; path = CuriosityTests.swift; sourceTree = "<group>"; };
		44801E0E557242EA84501B08 /* libPods-CuriosityTests.a */ = {isa = PBXFileReference; explicitFileType = archive.ar; includeInIndex = 0; path = "libPods-CuriosityTests.a"; sourceTree = BUILT_PRODUCTS_DIR; };
		A17E837DDD6C481082FE3EBF /* Pods-Curiosity.xcconfig */ = {isa = PBXFileReference; includeInIndex = 1; lastKnownFileType = text.xcconfig; name = "Pods-Curiosity.xcconfig"; path = "Pods/Pods-Curiosity.xcconfig"; sourceTree = "<group>"; };
		E166DCB736134FEA8AE9838F /* Pods-CuriosityTests.xcconfig */ = {isa = PBXFileReference; includeInIndex = 1; lastKnownFileType = text.xcconfig; name = "Pods-CuriosityTests.xcconfig"; path = "Pods/Pods-CuriosityTests.xcconfig"; sourceTree = "<group>"; };
/* End PBXFileReference section */

/* Begin PBXFrameworksBuildPhase section */
		2FBB755C19AC12D300203EF8 /* Frameworks */ = {
			isa = PBXFrameworksBuildPhase;
			buildActionMask = 2147483647;
			files = (
				2F68C19519AC1E6F006EB529 /* CoreData.framework in Frameworks */,
				1FC0EE0E20ED4A73AC768ABC /* libPods-Curiosity.a in Frameworks */,
			);
			runOnlyForDeploymentPostprocessing = 0;
		};
		2FBB757219AC12D300203EF8 /* Frameworks */ = {
			isa = PBXFrameworksBuildPhase;
			buildActionMask = 2147483647;
			files = (
				E515950B26D54C449A912F82 /* libPods-CuriosityTests.a in Frameworks */,
			);
			runOnlyForDeploymentPostprocessing = 0;
		};
/* End PBXFrameworksBuildPhase section */

/* Begin PBXGroup section */
		2F68C18319AC15D6006EB529 /* Model */ = {
			isa = PBXGroup;
			children = (
				2F68C19019AC1859006EB529 /* CuriosityDataModel.xcdatamodeld */,
				2F68C1B819AC1F6C006EB529 /* ActorSceneElement.swift */,
				2F68C1B519AC1F6C006EB529 /* InteractiveScene.swift */,
				2F68C1B219AC1F6C006EB529 /* EnvironmentSceneElement.swift */,
				2F68C1AF19AC1F6C006EB529 /* Environment.swift */,
				2F68C1AC19AC1F6C006EB529 /* InteractiveSceneElement.swift */,
				2F68C1A919AC1F6B006EB529 /* Actor.swift */,
			);
			name = Model;
			sourceTree = "<group>";
		};
		2FBB755619AC12D300203EF8 = {
			isa = PBXGroup;
			children = (
				2F2DBB1019C67799002CA7ED /* MyParticle.sks */,
				2F2DBB1119C67799002CA7ED /* spark.png */,
				2FBB756119AC12D300203EF8 /* Curiosity */,
				2FBB757819AC12D300203EF8 /* CuriosityTests */,
				2FBB756019AC12D300203EF8 /* Products */,
				A17E837DDD6C481082FE3EBF /* Pods-Curiosity.xcconfig */,
				9881B86DC8D64E27B39DECCC /* Frameworks */,
				E166DCB736134FEA8AE9838F /* Pods-CuriosityTests.xcconfig */,
			);
			sourceTree = "<group>";
		};
		2FBB756019AC12D300203EF8 /* Products */ = {
			isa = PBXGroup;
			children = (
				2FBB755F19AC12D300203EF8 /* Curiosity.app */,
				2FBB757519AC12D300203EF8 /* CuriosityTests.xctest */,
			);
			name = Products;
			sourceTree = "<group>";
		};
		2FBB756119AC12D300203EF8 /* Curiosity */ = {
			isa = PBXGroup;
			children = (
				2F68C17F19AC156A006EB529 /* ObjC-BridgingHeader.h */,
				2F68C18319AC15D6006EB529 /* Model */,
				2FBB756419AC12D300203EF8 /* AppDelegate.swift */,
				2FBB756619AC12D300203EF8 /* GameScene.sks */,
				2FBB756819AC12D300203EF8 /* GameScene.swift */,
				2FBB756A19AC12D300203EF8 /* GameViewController.swift */,
				2F68C18019AC15C1006EB529 /* MainSlidingViewController.swift */,
				2FBB756C19AC12D300203EF8 /* Main.storyboard */,
				2FBB756F19AC12D300203EF8 /* Images.xcassets */,
				2FBB756219AC12D300203EF8 /* Supporting Files */,
			);
			path = Curiosity;
			sourceTree = "<group>";
		};
		2FBB756219AC12D300203EF8 /* Supporting Files */ = {
			isa = PBXGroup;
			children = (
				2FBB756319AC12D300203EF8 /* Info.plist */,
			);
			name = "Supporting Files";
			sourceTree = "<group>";
		};
		2FBB757819AC12D300203EF8 /* CuriosityTests */ = {
			isa = PBXGroup;
			children = (
				2FBB757B19AC12D300203EF8 /* CuriosityTests.swift */,
				2FBB757919AC12D300203EF8 /* Supporting Files */,
			);
			path = CuriosityTests;
			sourceTree = "<group>";
		};
		2FBB757919AC12D300203EF8 /* Supporting Files */ = {
			isa = PBXGroup;
			children = (
				2FBB757A19AC12D300203EF8 /* Info.plist */,
			);
			name = "Supporting Files";
			sourceTree = "<group>";
		};
		9881B86DC8D64E27B39DECCC /* Frameworks */ = {
			isa = PBXGroup;
			children = (
				2F68C19419AC1E6F006EB529 /* CoreData.framework */,
				1844F48898D043FD89743073 /* libPods-Curiosity.a */,
				44801E0E557242EA84501B08 /* libPods-CuriosityTests.a */,
			);
			name = Frameworks;
			sourceTree = "<group>";
		};
/* End PBXGroup section */

/* Begin PBXNativeTarget section */
		2FBB755E19AC12D300203EF8 /* Curiosity */ = {
			isa = PBXNativeTarget;
			buildConfigurationList = 2FBB757F19AC12D300203EF8 /* Build configuration list for PBXNativeTarget "Curiosity" */;
			buildPhases = (
				B36A9095F5C345C08B649FF1 /* Check Pods Manifest.lock */,
				2FBB755B19AC12D300203EF8 /* Sources */,
				2FBB755C19AC12D300203EF8 /* Frameworks */,
				2FBB755D19AC12D300203EF8 /* Resources */,
				C0306CBF407049C6BD98E63C /* Copy Pods Resources */,
			);
			buildRules = (
			);
			dependencies = (
			);
			name = Curiosity;
			productName = Curiosity;
			productReference = 2FBB755F19AC12D300203EF8 /* Curiosity.app */;
			productType = "com.apple.product-type.application";
		};
		2FBB757419AC12D300203EF8 /* CuriosityTests */ = {
			isa = PBXNativeTarget;
			buildConfigurationList = 2FBB758219AC12D300203EF8 /* Build configuration list for PBXNativeTarget "CuriosityTests" */;
			buildPhases = (
				389A5100268C48628CFB87E0 /* Check Pods Manifest.lock */,
				2FBB757119AC12D300203EF8 /* Sources */,
				2FBB757219AC12D300203EF8 /* Frameworks */,
				2FBB757319AC12D300203EF8 /* Resources */,
				6AB7B10379DA4E0F89E22E7D /* Copy Pods Resources */,
			);
			buildRules = (
			);
			dependencies = (
				2FBB757719AC12D300203EF8 /* PBXTargetDependency */,
			);
			name = CuriosityTests;
			productName = CuriosityTests;
			productReference = 2FBB757519AC12D300203EF8 /* CuriosityTests.xctest */;
			productType = "com.apple.product-type.bundle.unit-test";
		};
/* End PBXNativeTarget section */

/* Begin PBXProject section */
		2FBB755719AC12D300203EF8 /* Project object */ = {
			isa = PBXProject;
			attributes = {
				LastUpgradeCheck = 0600;
				ORGANIZATIONNAME = "Ryan Britt";
				TargetAttributes = {
					2FBB755E19AC12D300203EF8 = {
						CreatedOnToolsVersion = 6.0;
					};
					2FBB757419AC12D300203EF8 = {
						CreatedOnToolsVersion = 6.0;
						TestTargetID = 2FBB755E19AC12D300203EF8;
					};
				};
			};
			buildConfigurationList = 2FBB755A19AC12D300203EF8 /* Build configuration list for PBXProject "Curiosity" */;
			compatibilityVersion = "Xcode 3.2";
			developmentRegion = English;
			hasScannedForEncodings = 0;
			knownRegions = (
				en,
				Base,
			);
			mainGroup = 2FBB755619AC12D300203EF8;
			productRefGroup = 2FBB756019AC12D300203EF8 /* Products */;
			projectDirPath = "";
			projectRoot = "";
			targets = (
				2FBB755E19AC12D300203EF8 /* Curiosity */,
				2FBB757419AC12D300203EF8 /* CuriosityTests */,
			);
		};
/* End PBXProject section */

/* Begin PBXResourcesBuildPhase section */
		2FBB755D19AC12D300203EF8 /* Resources */ = {
			isa = PBXResourcesBuildPhase;
			buildActionMask = 2147483647;
			files = (
				2F2DBB1319C67799002CA7ED /* spark.png in Resources */,
				2FBB757019AC12D300203EF8 /* Images.xcassets in Resources */,
				2FBB756719AC12D300203EF8 /* GameScene.sks in Resources */,
				2FBB756E19AC12D300203EF8 /* Main.storyboard in Resources */,
				2F2DBB1219C67799002CA7ED /* MyParticle.sks in Resources */,
			);
			runOnlyForDeploymentPostprocessing = 0;
		};
		2FBB757319AC12D300203EF8 /* Resources */ = {
			isa = PBXResourcesBuildPhase;
			buildActionMask = 2147483647;
			files = (
			);
			runOnlyForDeploymentPostprocessing = 0;
		};
/* End PBXResourcesBuildPhase section */

/* Begin PBXShellScriptBuildPhase section */
		389A5100268C48628CFB87E0 /* Check Pods Manifest.lock */ = {
			isa = PBXShellScriptBuildPhase;
			buildActionMask = 2147483647;
			files = (
			);
			inputPaths = (
			);
			name = "Check Pods Manifest.lock";
			outputPaths = (
			);
			runOnlyForDeploymentPostprocessing = 0;
			shellPath = /bin/sh;
			shellScript = "diff \"${PODS_ROOT}/../Podfile.lock\" \"${PODS_ROOT}/Manifest.lock\" > /dev/null\nif [[ $? != 0 ]] ; then\n    cat << EOM\nerror: The sandbox is not in sync with the Podfile.lock. Run 'pod install' or update your CocoaPods installation.\nEOM\n    exit 1\nfi\n";
			showEnvVarsInLog = 0;
		};
		6AB7B10379DA4E0F89E22E7D /* Copy Pods Resources */ = {
			isa = PBXShellScriptBuildPhase;
			buildActionMask = 2147483647;
			files = (
			);
			inputPaths = (
			);
			name = "Copy Pods Resources";
			outputPaths = (
			);
			runOnlyForDeploymentPostprocessing = 0;
			shellPath = /bin/sh;
			shellScript = "\"${SRCROOT}/Pods/Pods-CuriosityTests-resources.sh\"\n";
			showEnvVarsInLog = 0;
		};
		B36A9095F5C345C08B649FF1 /* Check Pods Manifest.lock */ = {
			isa = PBXShellScriptBuildPhase;
			buildActionMask = 2147483647;
			files = (
			);
			inputPaths = (
			);
			name = "Check Pods Manifest.lock";
			outputPaths = (
			);
			runOnlyForDeploymentPostprocessing = 0;
			shellPath = /bin/sh;
			shellScript = "diff \"${PODS_ROOT}/../Podfile.lock\" \"${PODS_ROOT}/Manifest.lock\" > /dev/null\nif [[ $? != 0 ]] ; then\n    cat << EOM\nerror: The sandbox is not in sync with the Podfile.lock. Run 'pod install' or update your CocoaPods installation.\nEOM\n    exit 1\nfi\n";
			showEnvVarsInLog = 0;
		};
		C0306CBF407049C6BD98E63C /* Copy Pods Resources */ = {
			isa = PBXShellScriptBuildPhase;
			buildActionMask = 2147483647;
			files = (
			);
			inputPaths = (
			);
			name = "Copy Pods Resources";
			outputPaths = (
			);
			runOnlyForDeploymentPostprocessing = 0;
			shellPath = /bin/sh;
			shellScript = "\"${SRCROOT}/Pods/Pods-Curiosity-resources.sh\"\n";
			showEnvVarsInLog = 0;
		};
/* End PBXShellScriptBuildPhase section */

/* Begin PBXSourcesBuildPhase section */
		2FBB755B19AC12D300203EF8 /* Sources */ = {
			isa = PBXSourcesBuildPhase;
			buildActionMask = 2147483647;
			files = (
				2F68C19219AC1859006EB529 /* CuriosityDataModel.xcdatamodeld in Sources */,
				2F68C1B019AC1F6C006EB529 /* Environment.swift in Sources */,
				2F68C18119AC15C1006EB529 /* MainSlidingViewController.swift in Sources */,
				2FBB756919AC12D300203EF8 /* GameScene.swift in Sources */,
				2F68C1AA19AC1F6B006EB529 /* Actor.swift in Sources */,
				2FBB756B19AC12D300203EF8 /* GameViewController.swift in Sources */,
				2FBB756519AC12D300203EF8 /* AppDelegate.swift in Sources */,
				2F68C1B619AC1F6C006EB529 /* InteractiveScene.swift in Sources */,
				2F68C1AD19AC1F6C006EB529 /* InteractiveSceneElement.swift in Sources */,
				2F68C1B319AC1F6C006EB529 /* EnvironmentSceneElement.swift in Sources */,
				2F68C1B919AC1F6C006EB529 /* ActorSceneElement.swift in Sources */,
			);
			runOnlyForDeploymentPostprocessing = 0;
		};
		2FBB757119AC12D300203EF8 /* Sources */ = {
			isa = PBXSourcesBuildPhase;
			buildActionMask = 2147483647;
			files = (
				2F68C18219AC15C1006EB529 /* MainSlidingViewController.swift in Sources */,
				2F68C1B119AC1F6C006EB529 /* Environment.swift in Sources */,
				2F68C19319AC1859006EB529 /* CuriosityDataModel.xcdatamodeld in Sources */,
				2F68C1BA19AC1F6C006EB529 /* ActorSceneElement.swift in Sources */,
				2F68C1AE19AC1F6C006EB529 /* InteractiveSceneElement.swift in Sources */,
				2FBB757C19AC12D300203EF8 /* CuriosityTests.swift in Sources */,
				2F68C1B719AC1F6C006EB529 /* InteractiveScene.swift in Sources */,
				2F68C1AB19AC1F6B006EB529 /* Actor.swift in Sources */,
				2F68C1B419AC1F6C006EB529 /* EnvironmentSceneElement.swift in Sources */,
			);
			runOnlyForDeploymentPostprocessing = 0;
		};
/* End PBXSourcesBuildPhase section */

/* Begin PBXTargetDependency section */
		2FBB757719AC12D300203EF8 /* PBXTargetDependency */ = {
			isa = PBXTargetDependency;
			target = 2FBB755E19AC12D300203EF8 /* Curiosity */;
			targetProxy = 2FBB757619AC12D300203EF8 /* PBXContainerItemProxy */;
		};
/* End PBXTargetDependency section */

/* Begin PBXVariantGroup section */
		2FBB756C19AC12D300203EF8 /* Main.storyboard */ = {
			isa = PBXVariantGroup;
			children = (
				2FBB756D19AC12D300203EF8 /* Base */,
			);
			name = Main.storyboard;
			sourceTree = "<group>";
		};
/* End PBXVariantGroup section */

/* Begin XCBuildConfiguration section */
		2FBB757D19AC12D300203EF8 /* Debug */ = {
			isa = XCBuildConfiguration;
			buildSettings = {
				ALWAYS_SEARCH_USER_PATHS = NO;
				CLANG_CXX_LANGUAGE_STANDARD = "gnu++0x";
				CLANG_CXX_LIBRARY = "libc++";
				CLANG_ENABLE_MODULES = YES;
				CLANG_ENABLE_OBJC_ARC = YES;
				CLANG_WARN_BOOL_CONVERSION = YES;
				CLANG_WARN_CONSTANT_CONVERSION = YES;
				CLANG_WARN_DIRECT_OBJC_ISA_USAGE = YES_ERROR;
				CLANG_WARN_EMPTY_BODY = YES;
				CLANG_WARN_ENUM_CONVERSION = YES;
				CLANG_WARN_INT_CONVERSION = YES;
				CLANG_WARN_OBJC_ROOT_CLASS = YES_ERROR;
				CLANG_WARN_UNREACHABLE_CODE = YES;
				CLANG_WARN__DUPLICATE_METHOD_MATCH = YES;
				"CODE_SIGN_IDENTITY[sdk=iphoneos*]" = "iPhone Developer";
				COPY_PHASE_STRIP = NO;
				ENABLE_STRICT_OBJC_MSGSEND = YES;
				GCC_C_LANGUAGE_STANDARD = gnu99;
				GCC_DYNAMIC_NO_PIC = NO;
				GCC_OPTIMIZATION_LEVEL = 0;
				GCC_PREPROCESSOR_DEFINITIONS = (
					"DEBUG=1",
					"$(inherited)",
				);
				GCC_SYMBOLS_PRIVATE_EXTERN = NO;
				GCC_WARN_64_TO_32_BIT_CONVERSION = YES;
				GCC_WARN_ABOUT_RETURN_TYPE = YES_ERROR;
				GCC_WARN_UNDECLARED_SELECTOR = YES;
				GCC_WARN_UNINITIALIZED_AUTOS = YES_AGGRESSIVE;
				GCC_WARN_UNUSED_FUNCTION = YES;
				GCC_WARN_UNUSED_VARIABLE = YES;
				IPHONEOS_DEPLOYMENT_TARGET = 8.0;
				MTL_ENABLE_DEBUG_INFO = YES;
				ONLY_ACTIVE_ARCH = YES;
				SDKROOT = iphoneos;
				SWIFT_OPTIMIZATION_LEVEL = "-Onone";
				TARGETED_DEVICE_FAMILY = "1,2";
			};
			name = Debug;
		};
		2FBB757E19AC12D300203EF8 /* Release */ = {
			isa = XCBuildConfiguration;
			buildSettings = {
				ALWAYS_SEARCH_USER_PATHS = NO;
				CLANG_CXX_LANGUAGE_STANDARD = "gnu++0x";
				CLANG_CXX_LIBRARY = "libc++";
				CLANG_ENABLE_MODULES = YES;
				CLANG_ENABLE_OBJC_ARC = YES;
				CLANG_WARN_BOOL_CONVERSION = YES;
				CLANG_WARN_CONSTANT_CONVERSION = YES;
				CLANG_WARN_DIRECT_OBJC_ISA_USAGE = YES_ERROR;
				CLANG_WARN_EMPTY_BODY = YES;
				CLANG_WARN_ENUM_CONVERSION = YES;
				CLANG_WARN_INT_CONVERSION = YES;
				CLANG_WARN_OBJC_ROOT_CLASS = YES_ERROR;
				CLANG_WARN_UNREACHABLE_CODE = YES;
				CLANG_WARN__DUPLICATE_METHOD_MATCH = YES;
				"CODE_SIGN_IDENTITY[sdk=iphoneos*]" = "iPhone Developer";
				COPY_PHASE_STRIP = YES;
				ENABLE_NS_ASSERTIONS = NO;
				ENABLE_STRICT_OBJC_MSGSEND = YES;
				GCC_C_LANGUAGE_STANDARD = gnu99;
				GCC_WARN_64_TO_32_BIT_CONVERSION = YES;
				GCC_WARN_ABOUT_RETURN_TYPE = YES_ERROR;
				GCC_WARN_UNDECLARED_SELECTOR = YES;
				GCC_WARN_UNINITIALIZED_AUTOS = YES_AGGRESSIVE;
				GCC_WARN_UNUSED_FUNCTION = YES;
				GCC_WARN_UNUSED_VARIABLE = YES;
				IPHONEOS_DEPLOYMENT_TARGET = 8.0;
				MTL_ENABLE_DEBUG_INFO = NO;
				SDKROOT = iphoneos;
				TARGETED_DEVICE_FAMILY = "1,2";
				VALIDATE_PRODUCT = YES;
			};
			name = Release;
		};
		2FBB758019AC12D300203EF8 /* Debug */ = {
			isa = XCBuildConfiguration;
			baseConfigurationReference = A17E837DDD6C481082FE3EBF /* Pods-Curiosity.xcconfig */;
			buildSettings = {
				ASSETCATALOG_COMPILER_APPICON_NAME = AppIcon;
				ASSETCATALOG_COMPILER_LAUNCHIMAGE_NAME = LaunchImage;
				INFOPLIST_FILE = Curiosity/Info.plist;
				LD_RUNPATH_SEARCH_PATHS = "$(inherited) @executable_path/Frameworks";
				PRODUCT_NAME = "$(TARGET_NAME)";
				SWIFT_OBJC_BRIDGING_HEADER = "ObjC-BridgingHeader.h";
			};
			name = Debug;
		};
		2FBB758119AC12D300203EF8 /* Release */ = {
			isa = XCBuildConfiguration;
			baseConfigurationReference = A17E837DDD6C481082FE3EBF /* Pods-Curiosity.xcconfig */;
			buildSettings = {
				ASSETCATALOG_COMPILER_APPICON_NAME = AppIcon;
				ASSETCATALOG_COMPILER_LAUNCHIMAGE_NAME = LaunchImage;
				INFOPLIST_FILE = Curiosity/Info.plist;
				LD_RUNPATH_SEARCH_PATHS = "$(inherited) @executable_path/Frameworks";
				PRODUCT_NAME = "$(TARGET_NAME)";
				SWIFT_OBJC_BRIDGING_HEADER = "ObjC-BridgingHeader.h";
			};
			name = Release;
		};
		2FBB758319AC12D300203EF8 /* Debug */ = {
			isa = XCBuildConfiguration;
			baseConfigurationReference = E166DCB736134FEA8AE9838F /* Pods-CuriosityTests.xcconfig */;
			buildSettings = {
				BUNDLE_LOADER = "$(TEST_HOST)";
				CLANG_ENABLE_MODULES = YES;
				FRAMEWORK_SEARCH_PATHS = (
					"$(SDKROOT)/Developer/Library/Frameworks",
					"$(inherited)",
				);
				GCC_PREPROCESSOR_DEFINITIONS = (
					"DEBUG=1",
					"$(inherited)",
				);
				INFOPLIST_FILE = CuriosityTests/Info.plist;
				LD_RUNPATH_SEARCH_PATHS = "$(inherited) @executable_path/Frameworks @loader_path/Frameworks";
				PRODUCT_NAME = "$(TARGET_NAME)";
				SWIFT_OBJC_BRIDGING_HEADER = "ObjC-BridgingHeader.h";
				SWIFT_OPTIMIZATION_LEVEL = "-Onone";
				TEST_HOST = "$(BUILT_PRODUCTS_DIR)/Curiosity.app/Curiosity";
			};
			name = Debug;
		};
		2FBB758419AC12D300203EF8 /* Release */ = {
			isa = XCBuildConfiguration;
			baseConfigurationReference = E166DCB736134FEA8AE9838F /* Pods-CuriosityTests.xcconfig */;
			buildSettings = {
				BUNDLE_LOADER = "$(TEST_HOST)";
				CLANG_ENABLE_MODULES = YES;
				FRAMEWORK_SEARCH_PATHS = (
					"$(SDKROOT)/Developer/Library/Frameworks",
					"$(inherited)",
				);
				INFOPLIST_FILE = CuriosityTests/Info.plist;
				LD_RUNPATH_SEARCH_PATHS = "$(inherited) @executable_path/Frameworks @loader_path/Frameworks";
				PRODUCT_NAME = "$(TARGET_NAME)";
				SWIFT_OBJC_BRIDGING_HEADER = "ObjC-BridgingHeader.h";
				TEST_HOST = "$(BUILT_PRODUCTS_DIR)/Curiosity.app/Curiosity";
			};
			name = Release;
		};
/* End XCBuildConfiguration section */

/* Begin XCConfigurationList section */
		2FBB755A19AC12D300203EF8 /* Build configuration list for PBXProject "Curiosity" */ = {
			isa = XCConfigurationList;
			buildConfigurations = (
				2FBB757D19AC12D300203EF8 /* Debug */,
				2FBB757E19AC12D300203EF8 /* Release */,
			);
			defaultConfigurationIsVisible = 0;
			defaultConfigurationName = Release;
		};
		2FBB757F19AC12D300203EF8 /* Build configuration list for PBXNativeTarget "Curiosity" */ = {
			isa = XCConfigurationList;
			buildConfigurations = (
				2FBB758019AC12D300203EF8 /* Debug */,
				2FBB758119AC12D300203EF8 /* Release */,
			);
			defaultConfigurationIsVisible = 0;
			defaultConfigurationName = Release;
		};
		2FBB758219AC12D300203EF8 /* Build configuration list for PBXNativeTarget "CuriosityTests" */ = {
			isa = XCConfigurationList;
			buildConfigurations = (
				2FBB758319AC12D300203EF8 /* Debug */,
				2FBB758419AC12D300203EF8 /* Release */,
			);
			defaultConfigurationIsVisible = 0;
			defaultConfigurationName = Release;
		};
/* End XCConfigurationList section */

/* Begin XCVersionGroup section */
		2F68C19019AC1859006EB529 /* CuriosityDataModel.xcdatamodeld */ = {
			isa = XCVersionGroup;
			children = (
				2F68C19119AC1859006EB529 /* CuriosityDataModel.xcdatamodel */,
			);
			currentVersion = 2F68C19119AC1859006EB529 /* CuriosityDataModel.xcdatamodel */;
			name = CuriosityDataModel.xcdatamodeld;
			path = Model/CuriosityDataModel.xcdatamodeld;
			sourceTree = "<group>";
			versionGroupType = wrapper.xcdatamodel;
		};
/* End XCVersionGroup section */
	};
	rootObject = 2FBB755719AC12D300203EF8 /* Project object */;
}
