// !$*UTF8*$!
{
	archiveVersion = 1;
	classes = {
	};
	objectVersion = 46;
	objects = {

/* Begin PBXBuildFile section */
		1FC0EE0E20ED4A73AC768ABC /* libPods-Curiosity.a in Frameworks */ = {isa = PBXBuildFile; fileRef = 1844F48898D043FD89743073 /* libPods-Curiosity.a */; };
		2F254EBB1A746BAD00DBC8D8 /* GameLevelConfig.swift in Sources */ = {isa = PBXBuildFile; fileRef = 2F254EBA1A746BAD00DBC8D8 /* GameLevelConfig.swift */; };
		2F254EBD1A75704B00DBC8D8 /* EndLevelViewController.swift in Sources */ = {isa = PBXBuildFile; fileRef = 2F254EBC1A75704B00DBC8D8 /* EndLevelViewController.swift */; };
		2F2DBB1219C67799002CA7ED /* MyParticle.sks in Resources */ = {isa = PBXBuildFile; fileRef = 2F2DBB1019C67799002CA7ED /* MyParticle.sks */; };
		2F3C2E551A28E6CA00A293EA /* PBParallaxScrolling.m in Sources */ = {isa = PBXBuildFile; fileRef = 2F3C2E541A28E6CA00A293EA /* PBParallaxScrolling.m */; };
		2F3C2E561A28FA4F00A293EA /* PBParallaxScrolling.m in Sources */ = {isa = PBXBuildFile; fileRef = 2F3C2E541A28E6CA00A293EA /* PBParallaxScrolling.m */; };
		2F3DB8351A4F28B600AA6919 /* LevelSelectViewController.swift in Sources */ = {isa = PBXBuildFile; fileRef = 2F3DB8341A4F28B600AA6919 /* LevelSelectViewController.swift */; };
		2F4F6BA41A5650F400668939 /* Utilities and Enums.swift in Sources */ = {isa = PBXBuildFile; fileRef = 2F4F6BA31A5650F400668939 /* Utilities and Enums.swift */; };
		2F815D9E1AAD3EC3008A0688 /* blueDayBackground.png in Resources */ = {isa = PBXBuildFile; fileRef = 2F815D981AAD3EC3008A0688 /* blueDayBackground.png */; };
		2F815D9F1AAD3EC3008A0688 /* Curiosity.png in Resources */ = {isa = PBXBuildFile; fileRef = 2F815D991AAD3EC3008A0688 /* Curiosity.png */; };
		2F815DA01AAD3EC3008A0688 /* flowers.png in Resources */ = {isa = PBXBuildFile; fileRef = 2F815D9A1AAD3EC3008A0688 /* flowers.png */; };
		2F815DA11AAD3EC3008A0688 /* hills.png in Resources */ = {isa = PBXBuildFile; fileRef = 2F815D9B1AAD3EC3008A0688 /* hills.png */; };
		2F815DA21AAD3EC3008A0688 /* spark.png in Resources */ = {isa = PBXBuildFile; fileRef = 2F815D9C1AAD3EC3008A0688 /* spark.png */; };
		2F815DA31AAD3EC3008A0688 /* Tree top.png in Resources */ = {isa = PBXBuildFile; fileRef = 2F815D9D1AAD3EC3008A0688 /* Tree top.png */; };
		2F8B5BC01A71BAD9008C13C9 /* Level 1.sks in Resources */ = {isa = PBXBuildFile; fileRef = 2F8B5BB81A71BAD9008C13C9 /* Level 1.sks */; };
		2F8B5BC11A71BAD9008C13C9 /* Level 2.sks in Resources */ = {isa = PBXBuildFile; fileRef = 2F8B5BB91A71BAD9008C13C9 /* Level 2.sks */; };
		2F8B5BC21A71BAD9008C13C9 /* Tutorial1.sks in Resources */ = {isa = PBXBuildFile; fileRef = 2F8B5BBA1A71BAD9008C13C9 /* Tutorial1.sks */; };
		2F8B5BC31A71BAD9008C13C9 /* Tutorial2.sks in Resources */ = {isa = PBXBuildFile; fileRef = 2F8B5BBB1A71BAD9008C13C9 /* Tutorial2.sks */; };
		2F8B5BC41A71BAD9008C13C9 /* Tutorial3.sks in Resources */ = {isa = PBXBuildFile; fileRef = 2F8B5BBC1A71BAD9008C13C9 /* Tutorial3.sks */; };
		2F8B5BC51A71BAD9008C13C9 /* Tutorial4.sks in Resources */ = {isa = PBXBuildFile; fileRef = 2F8B5BBD1A71BAD9008C13C9 /* Tutorial4.sks */; };
		2F8B5BC61A71BAD9008C13C9 /* Tutorial5.sks in Resources */ = {isa = PBXBuildFile; fileRef = 2F8B5BBE1A71BAD9008C13C9 /* Tutorial5.sks */; };
		2F8B5BC71A71BAD9008C13C9 /* Tutorial6.sks in Resources */ = {isa = PBXBuildFile; fileRef = 2F8B5BBF1A71BAD9008C13C9 /* Tutorial6.sks */; };
		2FAD9CE11AC74A4D0097AF34 /* Play.png in Resources */ = {isa = PBXBuildFile; fileRef = 2FAD9CE01AC74A4D0097AF34 /* Play.png */; };
		2FAD9CE51AC799020097AF34 /* LevelSelectPageViewController.swift in Sources */ = {isa = PBXBuildFile; fileRef = 2FAD9CE41AC799020097AF34 /* LevelSelectPageViewController.swift */; };
		2FB0625C1A367E00002C812E /* Character.swift in Sources */ = {isa = PBXBuildFile; fileRef = 2FB0625B1A367E00002C812E /* Character.swift */; };
		2FBB756519AC12D300203EF8 /* AppDelegate.swift in Sources */ = {isa = PBXBuildFile; fileRef = 2FBB756419AC12D300203EF8 /* AppDelegate.swift */; };
		2FBB756919AC12D300203EF8 /* CuriosityScene.swift in Sources */ = {isa = PBXBuildFile; fileRef = 2FBB756819AC12D300203EF8 /* CuriosityScene.swift */; };
		2FBB756B19AC12D300203EF8 /* GameViewController.swift in Sources */ = {isa = PBXBuildFile; fileRef = 2FBB756A19AC12D300203EF8 /* GameViewController.swift */; };
		2FBB756E19AC12D300203EF8 /* Main.storyboard in Resources */ = {isa = PBXBuildFile; fileRef = 2FBB756C19AC12D300203EF8 /* Main.storyboard */; };
		2FBB757019AC12D300203EF8 /* Images.xcassets in Resources */ = {isa = PBXBuildFile; fileRef = 2FBB756F19AC12D300203EF8 /* Images.xcassets */; };
		2FBB757C19AC12D300203EF8 /* CuriosityTests.swift in Sources */ = {isa = PBXBuildFile; fileRef = 2FBB757B19AC12D300203EF8 /* CuriosityTests.swift */; };
		2FBDB94A1A5111B900B0B500 /* Item.swift in Sources */ = {isa = PBXBuildFile; fileRef = 2FBDB9491A5111B900B0B500 /* Item.swift */; };
		2FBDB94D1A55CDA000B0B500 /* CharacterInformation.plist in Resources */ = {isa = PBXBuildFile; fileRef = 2FBDB94C1A55CDA000B0B500 /* CharacterInformation.plist */; };
		2FF1D15F19D7AEB80091F4BD /* CoreMotion.framework in Frameworks */ = {isa = PBXBuildFile; fileRef = 2FF1D15E19D7AEB80091F4BD /* CoreMotion.framework */; };
		2FF474231A4DE67B0080AD51 /* Podfile in Resources */ = {isa = PBXBuildFile; fileRef = 2FF474221A4DE67B0080AD51 /* Podfile */; };
		E515950B26D54C449A912F82 /* libPods-CuriosityTests.a in Frameworks */ = {isa = PBXBuildFile; fileRef = 44801E0E557242EA84501B08 /* libPods-CuriosityTests.a */; };
/* End PBXBuildFile section */

/* Begin PBXContainerItemProxy section */
		2FBB757619AC12D300203EF8 /* PBXContainerItemProxy */ = {
			isa = PBXContainerItemProxy;
			containerPortal = 2FBB755719AC12D300203EF8 /* Project object */;
			proxyType = 1;
			remoteGlobalIDString = 2FBB755E19AC12D300203EF8;
			remoteInfo = Curiosity;
		};
		2FD07D7C1AAD2AFA00286329 /* PBXContainerItemProxy */ = {
			isa = PBXContainerItemProxy;
			containerPortal = 2FD07D5E1AAD2AFA00286329 /* Cent.xcodeproj */;
			proxyType = 2;
			remoteGlobalIDString = 924F92DC195F8338003DBB60;
			remoteInfo = Cent;
		};
		2FD07D7E1AAD2AFA00286329 /* PBXContainerItemProxy */ = {
			isa = PBXContainerItemProxy;
			containerPortal = 2FD07D5E1AAD2AFA00286329 /* Cent.xcodeproj */;
			proxyType = 2;
			remoteGlobalIDString = 92E6688119F0B89600BB4FB8;
			remoteInfo = CentTests;
		};
		2FD07D821AAD2AFA00286329 /* PBXContainerItemProxy */ = {
			isa = PBXContainerItemProxy;
			containerPortal = 2FD07D6D1AAD2AFA00286329 /* Dollar.xcodeproj */;
			proxyType = 2;
			remoteGlobalIDString = 92E0D03C19467C67002ACC3D;
			remoteInfo = Dollar;
		};
		2FD07D841AAD2AFA00286329 /* PBXContainerItemProxy */ = {
			isa = PBXContainerItemProxy;
			containerPortal = 2FD07D6D1AAD2AFA00286329 /* Dollar.xcodeproj */;
			proxyType = 2;
			remoteGlobalIDString = 92E6686F19F09C6400BB4FB8;
			remoteInfo = DollarTests;
		};
/* End PBXContainerItemProxy section */

/* Begin PBXFileReference section */
		1844F48898D043FD89743073 /* libPods-Curiosity.a */ = {isa = PBXFileReference; explicitFileType = archive.ar; includeInIndex = 0; path = "libPods-Curiosity.a"; sourceTree = BUILT_PRODUCTS_DIR; };
		25DD13A8FB60357DFFF6210A /* Pods-CuriosityTests.release.xcconfig */ = {isa = PBXFileReference; includeInIndex = 1; lastKnownFileType = text.xcconfig; name = "Pods-CuriosityTests.release.xcconfig"; path = "Pods/Target Support Files/Pods-CuriosityTests/Pods-CuriosityTests.release.xcconfig"; sourceTree = "<group>"; };
		2F254EBA1A746BAD00DBC8D8 /* GameLevelConfig.swift */ = {isa = PBXFileReference; fileEncoding = 4; lastKnownFileType = sourcecode.swift; path = GameLevelConfig.swift; sourceTree = "<group>"; };
		2F254EBC1A75704B00DBC8D8 /* EndLevelViewController.swift */ = {isa = PBXFileReference; fileEncoding = 4; lastKnownFileType = sourcecode.swift; path = EndLevelViewController.swift; sourceTree = "<group>"; };
		2F2DBB1019C67799002CA7ED /* MyParticle.sks */ = {isa = PBXFileReference; lastKnownFileType = file.sks; path = MyParticle.sks; sourceTree = "<group>"; };
		2F3C2E531A28E6CA00A293EA /* PBParallaxScrolling.h */ = {isa = PBXFileReference; fileEncoding = 4; lastKnownFileType = sourcecode.c.h; name = PBParallaxScrolling.h; path = Curiosity/PBParallaxScrolling.h; sourceTree = "<group>"; };
		2F3C2E541A28E6CA00A293EA /* PBParallaxScrolling.m */ = {isa = PBXFileReference; fileEncoding = 4; lastKnownFileType = sourcecode.c.objc; name = PBParallaxScrolling.m; path = Curiosity/PBParallaxScrolling.m; sourceTree = "<group>"; };
		2F3C2E571A28FD8500A293EA /* ObjC-BridgingHeader.h */ = {isa = PBXFileReference; lastKnownFileType = sourcecode.c.h; path = "ObjC-BridgingHeader.h"; sourceTree = "<group>"; };
		2F3DB8341A4F28B600AA6919 /* LevelSelectViewController.swift */ = {isa = PBXFileReference; fileEncoding = 4; lastKnownFileType = sourcecode.swift; path = LevelSelectViewController.swift; sourceTree = "<group>"; };
		2F4F6BA31A5650F400668939 /* Utilities and Enums.swift */ = {isa = PBXFileReference; fileEncoding = 4; lastKnownFileType = sourcecode.swift; path = "Utilities and Enums.swift"; sourceTree = "<group>"; };
		2F68C19419AC1E6F006EB529 /* CoreData.framework */ = {isa = PBXFileReference; lastKnownFileType = wrapper.framework; name = CoreData.framework; path = System/Library/Frameworks/CoreData.framework; sourceTree = SDKROOT; };
		2F815D981AAD3EC3008A0688 /* blueDayBackground.png */ = {isa = PBXFileReference; lastKnownFileType = image.png; name = blueDayBackground.png; path = images/blueDayBackground.png; sourceTree = "<group>"; };
		2F815D991AAD3EC3008A0688 /* Curiosity.png */ = {isa = PBXFileReference; lastKnownFileType = image.png; name = Curiosity.png; path = images/Curiosity.png; sourceTree = "<group>"; };
		2F815D9A1AAD3EC3008A0688 /* flowers.png */ = {isa = PBXFileReference; lastKnownFileType = image.png; name = flowers.png; path = images/flowers.png; sourceTree = "<group>"; };
		2F815D9B1AAD3EC3008A0688 /* hills.png */ = {isa = PBXFileReference; lastKnownFileType = image.png; name = hills.png; path = images/hills.png; sourceTree = "<group>"; };
		2F815D9C1AAD3EC3008A0688 /* spark.png */ = {isa = PBXFileReference; lastKnownFileType = image.png; name = spark.png; path = images/spark.png; sourceTree = "<group>"; };
		2F815D9D1AAD3EC3008A0688 /* Tree top.png */ = {isa = PBXFileReference; lastKnownFileType = image.png; name = "Tree top.png"; path = "images/Tree top.png"; sourceTree = "<group>"; };
		2F8B5BB81A71BAD9008C13C9 /* Level 1.sks */ = {isa = PBXFileReference; lastKnownFileType = file.sks; name = "Level 1.sks"; path = "Curiosity/Levels/Level 1.sks"; sourceTree = "<group>"; };
		2F8B5BB91A71BAD9008C13C9 /* Level 2.sks */ = {isa = PBXFileReference; lastKnownFileType = file.sks; name = "Level 2.sks"; path = "Curiosity/Levels/Level 2.sks"; sourceTree = "<group>"; };
		2F8B5BBA1A71BAD9008C13C9 /* Tutorial1.sks */ = {isa = PBXFileReference; lastKnownFileType = file.sks; name = Tutorial1.sks; path = Curiosity/Levels/Tutorial1.sks; sourceTree = "<group>"; };
		2F8B5BBB1A71BAD9008C13C9 /* Tutorial2.sks */ = {isa = PBXFileReference; lastKnownFileType = file.sks; name = Tutorial2.sks; path = Curiosity/Levels/Tutorial2.sks; sourceTree = "<group>"; };
		2F8B5BBC1A71BAD9008C13C9 /* Tutorial3.sks */ = {isa = PBXFileReference; lastKnownFileType = file.sks; name = Tutorial3.sks; path = Curiosity/Levels/Tutorial3.sks; sourceTree = "<group>"; };
		2F8B5BBD1A71BAD9008C13C9 /* Tutorial4.sks */ = {isa = PBXFileReference; lastKnownFileType = file.sks; name = Tutorial4.sks; path = Curiosity/Levels/Tutorial4.sks; sourceTree = "<group>"; };
		2F8B5BBE1A71BAD9008C13C9 /* Tutorial5.sks */ = {isa = PBXFileReference; lastKnownFileType = file.sks; name = Tutorial5.sks; path = Curiosity/Levels/Tutorial5.sks; sourceTree = "<group>"; };
		2F8B5BBF1A71BAD9008C13C9 /* Tutorial6.sks */ = {isa = PBXFileReference; lastKnownFileType = file.sks; name = Tutorial6.sks; path = Curiosity/Levels/Tutorial6.sks; sourceTree = "<group>"; };
		2FAD9CE01AC74A4D0097AF34 /* Play.png */ = {isa = PBXFileReference; lastKnownFileType = image.png; path = Play.png; sourceTree = "<group>"; };
		2FAD9CE41AC799020097AF34 /* LevelSelectPageViewController.swift */ = {isa = PBXFileReference; fileEncoding = 4; lastKnownFileType = sourcecode.swift; path = LevelSelectPageViewController.swift; sourceTree = "<group>"; };
		2FB0625B1A367E00002C812E /* Character.swift */ = {isa = PBXFileReference; fileEncoding = 4; lastKnownFileType = sourcecode.swift; path = Character.swift; sourceTree = "<group>"; };
		2FBB755F19AC12D300203EF8 /* Curiosity.app */ = {isa = PBXFileReference; explicitFileType = wrapper.application; includeInIndex = 0; path = Curiosity.app; sourceTree = BUILT_PRODUCTS_DIR; };
		2FBB756319AC12D300203EF8 /* Info.plist */ = {isa = PBXFileReference; lastKnownFileType = text.plist.xml; name = Info.plist; path = Curiosity/Info.plist; sourceTree = "<group>"; };
		2FBB756419AC12D300203EF8 /* AppDelegate.swift */ = {isa = PBXFileReference; lastKnownFileType = sourcecode.swift; path = AppDelegate.swift; sourceTree = "<group>"; };
		2FBB756819AC12D300203EF8 /* CuriosityScene.swift */ = {isa = PBXFileReference; lastKnownFileType = sourcecode.swift; path = CuriosityScene.swift; sourceTree = "<group>"; };
		2FBB756A19AC12D300203EF8 /* GameViewController.swift */ = {isa = PBXFileReference; lastKnownFileType = sourcecode.swift; path = GameViewController.swift; sourceTree = "<group>"; };
		2FBB756D19AC12D300203EF8 /* Base */ = {isa = PBXFileReference; lastKnownFileType = file.storyboard; name = Base; path = Base.lproj/Main.storyboard; sourceTree = "<group>"; };
		2FBB756F19AC12D300203EF8 /* Images.xcassets */ = {isa = PBXFileReference; lastKnownFileType = folder.assetcatalog; name = Images.xcassets; path = Curiosity/Images.xcassets; sourceTree = "<group>"; };
		2FBB757519AC12D300203EF8 /* CuriosityTests.xctest */ = {isa = PBXFileReference; explicitFileType = wrapper.cfbundle; includeInIndex = 0; path = CuriosityTests.xctest; sourceTree = BUILT_PRODUCTS_DIR; };
		2FBB757A19AC12D300203EF8 /* Info.plist */ = {isa = PBXFileReference; lastKnownFileType = text.plist.xml; path = Info.plist; sourceTree = "<group>"; };
		2FBB757B19AC12D300203EF8 /* CuriosityTests.swift */ = {isa = PBXFileReference; lastKnownFileType = sourcecode.swift; path = CuriosityTests.swift; sourceTree = "<group>"; };
		2FBDB9491A5111B900B0B500 /* Item.swift */ = {isa = PBXFileReference; fileEncoding = 4; lastKnownFileType = sourcecode.swift; path = Item.swift; sourceTree = "<group>"; };
		2FBDB94C1A55CDA000B0B500 /* CharacterInformation.plist */ = {isa = PBXFileReference; fileEncoding = 4; lastKnownFileType = text.plist.xml; path = CharacterInformation.plist; sourceTree = "<group>"; };
		2FD07D4D1AAD2AFA00286329 /* .gitignore */ = {isa = PBXFileReference; lastKnownFileType = text; path = .gitignore; sourceTree = "<group>"; };
		2FD07D4E1AAD2AFA00286329 /* .travis.yml */ = {isa = PBXFileReference; lastKnownFileType = text; path = .travis.yml; sourceTree = "<group>"; };
		2FD07D501AAD2AFA00286329 /* hero.png */ = {isa = PBXFileReference; lastKnownFileType = image.png; path = hero.png; sourceTree = "<group>"; };
		2FD07D511AAD2AFA00286329 /* HowToImport.gif */ = {isa = PBXFileReference; lastKnownFileType = image.gif; path = HowToImport.gif; sourceTree = "<group>"; };
		2FD07D541AAD2AFA00286329 /* Array.swift */ = {isa = PBXFileReference; lastKnownFileType = sourcecode.swift; path = Array.swift; sourceTree = "<group>"; };
		2FD07D551AAD2AFA00286329 /* Cent.h */ = {isa = PBXFileReference; lastKnownFileType = sourcecode.c.h; path = Cent.h; sourceTree = "<group>"; };
		2FD07D561AAD2AFA00286329 /* Date.swift */ = {isa = PBXFileReference; lastKnownFileType = sourcecode.swift; path = Date.swift; sourceTree = "<group>"; };
		2FD07D571AAD2AFA00286329 /* Dictionary.swift */ = {isa = PBXFileReference; lastKnownFileType = sourcecode.swift; path = Dictionary.swift; sourceTree = "<group>"; };
		2FD07D581AAD2AFA00286329 /* Info.plist */ = {isa = PBXFileReference; lastKnownFileType = text.plist.xml; path = Info.plist; sourceTree = "<group>"; };
		2FD07D591AAD2AFA00286329 /* Int.swift */ = {isa = PBXFileReference; lastKnownFileType = sourcecode.swift; path = Int.swift; sourceTree = "<group>"; };
		2FD07D5A1AAD2AFA00286329 /* Range.swift */ = {isa = PBXFileReference; lastKnownFileType = sourcecode.swift; path = Range.swift; sourceTree = "<group>"; };
		2FD07D5B1AAD2AFA00286329 /* Regex.swift */ = {isa = PBXFileReference; lastKnownFileType = sourcecode.swift; path = Regex.swift; sourceTree = "<group>"; };
		2FD07D5C1AAD2AFA00286329 /* String.swift */ = {isa = PBXFileReference; lastKnownFileType = sourcecode.swift; path = String.swift; sourceTree = "<group>"; };
		2FD07D5D1AAD2AFA00286329 /* Cent.podspec */ = {isa = PBXFileReference; lastKnownFileType = text; path = Cent.podspec; sourceTree = "<group>"; };
		2FD07D5E1AAD2AFA00286329 /* Cent.xcodeproj */ = {isa = PBXFileReference; lastKnownFileType = "wrapper.pb-project"; path = Cent.xcodeproj; sourceTree = "<group>"; };
		2FD07D631AAD2AFA00286329 /* CentTests.swift */ = {isa = PBXFileReference; lastKnownFileType = sourcecode.swift; path = CentTests.swift; sourceTree = "<group>"; };
		2FD07D641AAD2AFA00286329 /* Info.plist */ = {isa = PBXFileReference; lastKnownFileType = text.plist.xml; path = Info.plist; sourceTree = "<group>"; };
		2FD07D651AAD2AFA00286329 /* CONTRIBUTING.md */ = {isa = PBXFileReference; lastKnownFileType = net.daringfireball.markdown; path = CONTRIBUTING.md; sourceTree = "<group>"; };
		2FD07D681AAD2AFA00286329 /* AutoCurry.swift */ = {isa = PBXFileReference; lastKnownFileType = sourcecode.swift; path = AutoCurry.swift; sourceTree = "<group>"; };
		2FD07D691AAD2AFA00286329 /* Dollar.h */ = {isa = PBXFileReference; lastKnownFileType = sourcecode.c.h; path = Dollar.h; sourceTree = "<group>"; };
		2FD07D6A1AAD2AFA00286329 /* Dollar.swift */ = {isa = PBXFileReference; lastKnownFileType = sourcecode.swift; path = Dollar.swift; sourceTree = "<group>"; };
		2FD07D6B1AAD2AFA00286329 /* Info.plist */ = {isa = PBXFileReference; lastKnownFileType = text.plist.xml; path = Info.plist; sourceTree = "<group>"; };
		2FD07D6C1AAD2AFA00286329 /* Dollar.podspec */ = {isa = PBXFileReference; lastKnownFileType = text; path = Dollar.podspec; sourceTree = "<group>"; };
		2FD07D6D1AAD2AFA00286329 /* Dollar.xcodeproj */ = {isa = PBXFileReference; lastKnownFileType = "wrapper.pb-project"; path = Dollar.xcodeproj; sourceTree = "<group>"; };
		2FD07D711AAD2AFA00286329 /* CarExample.swift */ = {isa = PBXFileReference; lastKnownFileType = sourcecode.swift; path = CarExample.swift; sourceTree = "<group>"; };
		2FD07D721AAD2AFA00286329 /* DollarPerformanceTests.swift */ = {isa = PBXFileReference; lastKnownFileType = sourcecode.swift; path = DollarPerformanceTests.swift; sourceTree = "<group>"; };
		2FD07D731AAD2AFA00286329 /* DollarTests.swift */ = {isa = PBXFileReference; lastKnownFileType = sourcecode.swift; path = DollarTests.swift; sourceTree = "<group>"; };
		2FD07D741AAD2AFA00286329 /* Info.plist */ = {isa = PBXFileReference; lastKnownFileType = text.plist.xml; path = Info.plist; sourceTree = "<group>"; };
		2FD07D751AAD2AFA00286329 /* gen_auto_curry.rb */ = {isa = PBXFileReference; lastKnownFileType = text.script.ruby; path = gen_auto_curry.rb; sourceTree = "<group>"; };
		2FD07D761AAD2AFA00286329 /* Dollar.xcworkspace */ = {isa = PBXFileReference; lastKnownFileType = wrapper.workspace; path = Dollar.xcworkspace; sourceTree = "<group>"; };
		2FD07D771AAD2AFA00286329 /* LICENSE */ = {isa = PBXFileReference; lastKnownFileType = text; path = LICENSE; sourceTree = "<group>"; };
		2FD07D781AAD2AFA00286329 /* README.md */ = {isa = PBXFileReference; lastKnownFileType = net.daringfireball.markdown; path = README.md; sourceTree = "<group>"; };
		2FD07D791AAD2AFA00286329 /* Try.playground */ = {isa = PBXFileReference; lastKnownFileType = file.playground; path = Try.playground; sourceTree = "<group>"; };
		2FF1D15E19D7AEB80091F4BD /* CoreMotion.framework */ = {isa = PBXFileReference; lastKnownFileType = wrapper.framework; name = CoreMotion.framework; path = System/Library/Frameworks/CoreMotion.framework; sourceTree = SDKROOT; };
		2FF474221A4DE67B0080AD51 /* Podfile */ = {isa = PBXFileReference; fileEncoding = 4; lastKnownFileType = text; path = Podfile; sourceTree = "<group>"; };
		44801E0E557242EA84501B08 /* libPods-CuriosityTests.a */ = {isa = PBXFileReference; explicitFileType = archive.ar; includeInIndex = 0; path = "libPods-CuriosityTests.a"; sourceTree = BUILT_PRODUCTS_DIR; };
		50B9EF99F721ED9F198D014E /* Pods-Curiosity.release.xcconfig */ = {isa = PBXFileReference; includeInIndex = 1; lastKnownFileType = text.xcconfig; name = "Pods-Curiosity.release.xcconfig"; path = "Pods/Target Support Files/Pods-Curiosity/Pods-Curiosity.release.xcconfig"; sourceTree = "<group>"; };
		64E3B1334E4DB4698341BECF /* Pods-CuriosityTests.debug.xcconfig */ = {isa = PBXFileReference; includeInIndex = 1; lastKnownFileType = text.xcconfig; name = "Pods-CuriosityTests.debug.xcconfig"; path = "Pods/Target Support Files/Pods-CuriosityTests/Pods-CuriosityTests.debug.xcconfig"; sourceTree = "<group>"; };
		E8D27766BEA39922E2B3CBCA /* Pods-Curiosity.debug.xcconfig */ = {isa = PBXFileReference; includeInIndex = 1; lastKnownFileType = text.xcconfig; name = "Pods-Curiosity.debug.xcconfig"; path = "Pods/Target Support Files/Pods-Curiosity/Pods-Curiosity.debug.xcconfig"; sourceTree = "<group>"; };
/* End PBXFileReference section */

/* Begin PBXFrameworksBuildPhase section */
		2FBB755C19AC12D300203EF8 /* Frameworks */ = {
			isa = PBXFrameworksBuildPhase;
			buildActionMask = 2147483647;
			files = (
				2FF1D15F19D7AEB80091F4BD /* CoreMotion.framework in Frameworks */,
				1FC0EE0E20ED4A73AC768ABC /* libPods-Curiosity.a in Frameworks */,
			);
			runOnlyForDeploymentPostprocessing = 0;
		};
		2FBB757219AC12D300203EF8 /* Frameworks */ = {
			isa = PBXFrameworksBuildPhase;
			buildActionMask = 2147483647;
			files = (
				E515950B26D54C449A912F82 /* libPods-CuriosityTests.a in Frameworks */,
			);
			runOnlyForDeploymentPostprocessing = 0;
		};
/* End PBXFrameworksBuildPhase section */

/* Begin PBXGroup section */
		2F3C2E581A29008600A293EA /* Resources */ = {
			isa = PBXGroup;
			children = (
				2FBB756C19AC12D300203EF8 /* Main.storyboard */,
				2FD94E3C1A4F3DF8002CE891 /* Images */,
				2FBDB9481A510D2300B0B500 /* Levels */,
				2FBDB94C1A55CDA000B0B500 /* CharacterInformation.plist */,
				2FBB756F19AC12D300203EF8 /* Images.xcassets */,
				2F2DBB1019C67799002CA7ED /* MyParticle.sks */,
				2FBB756319AC12D300203EF8 /* Info.plist */,
			);
			name = Resources;
			path = ..;
			sourceTree = "<group>";
		};
		2F68C18319AC15D6006EB529 /* Model */ = {
			isa = PBXGroup;
			children = (
				2FB0625B1A367E00002C812E /* Character.swift */,
				2FBDB9491A5111B900B0B500 /* Item.swift */,
			);
			name = Model;
			sourceTree = "<group>";
		};
		2F7F5F971A582D4C0021BFDF /* View Controllers */ = {
			isa = PBXGroup;
			children = (
				2FBB756A19AC12D300203EF8 /* GameViewController.swift */,
				2F254EBA1A746BAD00DBC8D8 /* GameLevelConfig.swift */,
				2F3DB8341A4F28B600AA6919 /* LevelSelectViewController.swift */,
				2F254EBC1A75704B00DBC8D8 /* EndLevelViewController.swift */,
				2FAD9CE41AC799020097AF34 /* LevelSelectPageViewController.swift */,
			);
			name = "View Controllers";
			sourceTree = "<group>";
		};
		2F7F5F981A582D670021BFDF /* Game Scenes */ = {
			isa = PBXGroup;
			children = (
				2FBB756819AC12D300203EF8 /* CuriosityScene.swift */,
			);
			name = "Game Scenes";
			sourceTree = "<group>";
		};
		2FAD9CDF1AC74A3D0097AF34 /* UI images */ = {
			isa = PBXGroup;
			children = (
				2FAD9CE01AC74A4D0097AF34 /* Play.png */,
			);
			name = "UI images";
			sourceTree = "<group>";
		};
		2FBB755619AC12D300203EF8 = {
			isa = PBXGroup;
			children = (
				2F3C2E571A28FD8500A293EA /* ObjC-BridgingHeader.h */,
				2FBB756119AC12D300203EF8 /* Curiosity */,
				2FBB757819AC12D300203EF8 /* CuriosityTests */,
				2FBB756019AC12D300203EF8 /* Products */,
				9881B86DC8D64E27B39DECCC /* Frameworks */,
				D7C7928C11A4E70CBCF08F88 /* Pods */,
			);
			sourceTree = "<group>";
		};
		2FBB756019AC12D300203EF8 /* Products */ = {
			isa = PBXGroup;
			children = (
				2FBB755F19AC12D300203EF8 /* Curiosity.app */,
				2FBB757519AC12D300203EF8 /* CuriosityTests.xctest */,
			);
			name = Products;
			sourceTree = "<group>";
		};
		2FBB756119AC12D300203EF8 /* Curiosity */ = {
			isa = PBXGroup;
			children = (
				2F4F6BA31A5650F400668939 /* Utilities and Enums.swift */,
				2FED954C1A283F3B006FA1C0 /* External API */,
				2F68C18319AC15D6006EB529 /* Model */,
				2FBB756419AC12D300203EF8 /* AppDelegate.swift */,
				2F7F5F981A582D670021BFDF /* Game Scenes */,
				2F7F5F971A582D4C0021BFDF /* View Controllers */,
				2F3C2E581A29008600A293EA /* Resources */,
			);
			path = Curiosity;
			sourceTree = "<group>";
		};
		2FBB757819AC12D300203EF8 /* CuriosityTests */ = {
			isa = PBXGroup;
			children = (
				2FBB757B19AC12D300203EF8 /* CuriosityTests.swift */,
				2FBB757919AC12D300203EF8 /* Supporting Files */,
			);
			path = CuriosityTests;
			sourceTree = "<group>";
		};
		2FBB757919AC12D300203EF8 /* Supporting Files */ = {
			isa = PBXGroup;
			children = (
				2FBB757A19AC12D300203EF8 /* Info.plist */,
			);
			name = "Supporting Files";
			sourceTree = "<group>";
		};
		2FBDB9481A510D2300B0B500 /* Levels */ = {
			isa = PBXGroup;
			children = (
				2F8B5BB81A71BAD9008C13C9 /* Level 1.sks */,
				2F8B5BB91A71BAD9008C13C9 /* Level 2.sks */,
				2F8B5BBA1A71BAD9008C13C9 /* Tutorial1.sks */,
				2F8B5BBB1A71BAD9008C13C9 /* Tutorial2.sks */,
				2F8B5BBC1A71BAD9008C13C9 /* Tutorial3.sks */,
				2F8B5BBD1A71BAD9008C13C9 /* Tutorial4.sks */,
				2F8B5BBE1A71BAD9008C13C9 /* Tutorial5.sks */,
				2F8B5BBF1A71BAD9008C13C9 /* Tutorial6.sks */,
			);
			name = Levels;
			sourceTree = "<group>";
		};
		2FD07D4C1AAD2AFA00286329 /* Dollar.swift */ = {
			isa = PBXGroup;
			children = (
				2FD07D4D1AAD2AFA00286329 /* .gitignore */,
				2FD07D4E1AAD2AFA00286329 /* .travis.yml */,
				2FD07D4F1AAD2AFA00286329 /* assets */,
				2FD07D521AAD2AFA00286329 /* Cent */,
				2FD07D651AAD2AFA00286329 /* CONTRIBUTING.md */,
				2FD07D661AAD2AFA00286329 /* Dollar */,
				2FD07D761AAD2AFA00286329 /* Dollar.xcworkspace */,
				2FD07D771AAD2AFA00286329 /* LICENSE */,
				2FD07D781AAD2AFA00286329 /* README.md */,
				2FD07D791AAD2AFA00286329 /* Try.playground */,
			);
			path = Dollar.swift;
			sourceTree = "<group>";
		};
		2FD07D4F1AAD2AFA00286329 /* assets */ = {
			isa = PBXGroup;
			children = (
				2FD07D501AAD2AFA00286329 /* hero.png */,
				2FD07D511AAD2AFA00286329 /* HowToImport.gif */,
			);
			path = assets;
			sourceTree = "<group>";
		};
		2FD07D521AAD2AFA00286329 /* Cent */ = {
			isa = PBXGroup;
			children = (
				2FD07D531AAD2AFA00286329 /* Cent */,
				2FD07D5D1AAD2AFA00286329 /* Cent.podspec */,
				2FD07D5E1AAD2AFA00286329 /* Cent.xcodeproj */,
				2FD07D621AAD2AFA00286329 /* CentTests */,
			);
			path = Cent;
			sourceTree = "<group>";
		};
		2FD07D531AAD2AFA00286329 /* Cent */ = {
			isa = PBXGroup;
			children = (
				2FD07D541AAD2AFA00286329 /* Array.swift */,
				2FD07D551AAD2AFA00286329 /* Cent.h */,
				2FD07D561AAD2AFA00286329 /* Date.swift */,
				2FD07D571AAD2AFA00286329 /* Dictionary.swift */,
				2FD07D581AAD2AFA00286329 /* Info.plist */,
				2FD07D591AAD2AFA00286329 /* Int.swift */,
				2FD07D5A1AAD2AFA00286329 /* Range.swift */,
				2FD07D5B1AAD2AFA00286329 /* Regex.swift */,
				2FD07D5C1AAD2AFA00286329 /* String.swift */,
			);
			path = Cent;
			sourceTree = "<group>";
		};
		2FD07D5F1AAD2AFA00286329 /* Products */ = {
			isa = PBXGroup;
			children = (
				2FD07D7D1AAD2AFA00286329 /* Cent.framework */,
				2FD07D7F1AAD2AFA00286329 /* CentTests.xctest */,
			);
			name = Products;
			sourceTree = "<group>";
		};
		2FD07D621AAD2AFA00286329 /* CentTests */ = {
			isa = PBXGroup;
			children = (
				2FD07D631AAD2AFA00286329 /* CentTests.swift */,
				2FD07D641AAD2AFA00286329 /* Info.plist */,
			);
			path = CentTests;
			sourceTree = "<group>";
		};
		2FD07D661AAD2AFA00286329 /* Dollar */ = {
			isa = PBXGroup;
			children = (
				2FD07D671AAD2AFA00286329 /* Dollar */,
				2FD07D6C1AAD2AFA00286329 /* Dollar.podspec */,
				2FD07D6D1AAD2AFA00286329 /* Dollar.xcodeproj */,
				2FD07D701AAD2AFA00286329 /* DollarTests */,
				2FD07D751AAD2AFA00286329 /* gen_auto_curry.rb */,
			);
			path = Dollar;
			sourceTree = "<group>";
		};
		2FD07D671AAD2AFA00286329 /* Dollar */ = {
			isa = PBXGroup;
			children = (
				2FD07D681AAD2AFA00286329 /* AutoCurry.swift */,
				2FD07D691AAD2AFA00286329 /* Dollar.h */,
				2FD07D6A1AAD2AFA00286329 /* Dollar.swift */,
				2FD07D6B1AAD2AFA00286329 /* Info.plist */,
			);
			path = Dollar;
			sourceTree = "<group>";
		};
		2FD07D6E1AAD2AFA00286329 /* Products */ = {
			isa = PBXGroup;
			children = (
				2FD07D831AAD2AFA00286329 /* Dollar.framework */,
				2FD07D851AAD2AFA00286329 /* DollarTests.xctest */,
			);
			name = Products;
			sourceTree = "<group>";
		};
		2FD07D701AAD2AFA00286329 /* DollarTests */ = {
			isa = PBXGroup;
			children = (
				2FD07D711AAD2AFA00286329 /* CarExample.swift */,
				2FD07D721AAD2AFA00286329 /* DollarPerformanceTests.swift */,
				2FD07D731AAD2AFA00286329 /* DollarTests.swift */,
				2FD07D741AAD2AFA00286329 /* Info.plist */,
			);
			path = DollarTests;
			sourceTree = "<group>";
		};
		2FD94E3C1A4F3DF8002CE891 /* Images */ = {
			isa = PBXGroup;
			children = (
				2FAD9CDF1AC74A3D0097AF34 /* UI images */,
				2F815D981AAD3EC3008A0688 /* blueDayBackground.png */,
				2F815D991AAD3EC3008A0688 /* Curiosity.png */,
				2F815D9A1AAD3EC3008A0688 /* flowers.png */,
				2F815D9B1AAD3EC3008A0688 /* hills.png */,
				2F815D9C1AAD3EC3008A0688 /* spark.png */,
				2F815D9D1AAD3EC3008A0688 /* Tree top.png */,
			);
			name = Images;
			sourceTree = "<group>";
		};
		2FED954C1A283F3B006FA1C0 /* External API */ = {
			isa = PBXGroup;
			children = (
				2F3C2E531A28E6CA00A293EA /* PBParallaxScrolling.h */,
				2F3C2E541A28E6CA00A293EA /* PBParallaxScrolling.m */,
			);
			name = "External API";
			path = ..;
			sourceTree = "<group>";
		};
		9881B86DC8D64E27B39DECCC /* Frameworks */ = {
			isa = PBXGroup;
			children = (
				2FD07D4C1AAD2AFA00286329 /* Dollar.swift */,
				2FF1D15E19D7AEB80091F4BD /* CoreMotion.framework */,
				2F68C19419AC1E6F006EB529 /* CoreData.framework */,
				1844F48898D043FD89743073 /* libPods-Curiosity.a */,
				44801E0E557242EA84501B08 /* libPods-CuriosityTests.a */,
			);
			name = Frameworks;
			sourceTree = "<group>";
		};
		D7C7928C11A4E70CBCF08F88 /* Pods */ = {
			isa = PBXGroup;
			children = (
				2FF474221A4DE67B0080AD51 /* Podfile */,
				E8D27766BEA39922E2B3CBCA /* Pods-Curiosity.debug.xcconfig */,
				50B9EF99F721ED9F198D014E /* Pods-Curiosity.release.xcconfig */,
				64E3B1334E4DB4698341BECF /* Pods-CuriosityTests.debug.xcconfig */,
				25DD13A8FB60357DFFF6210A /* Pods-CuriosityTests.release.xcconfig */,
			);
			name = Pods;
			sourceTree = "<group>";
		};
/* End PBXGroup section */

/* Begin PBXNativeTarget section */
		2FBB755E19AC12D300203EF8 /* Curiosity */ = {
			isa = PBXNativeTarget;
			buildConfigurationList = 2FBB757F19AC12D300203EF8 /* Build configuration list for PBXNativeTarget "Curiosity" */;
			buildPhases = (
				B36A9095F5C345C08B649FF1 /* Check Pods Manifest.lock */,
				2FBB755B19AC12D300203EF8 /* Sources */,
				2FBB755C19AC12D300203EF8 /* Frameworks */,
				2FBB755D19AC12D300203EF8 /* Resources */,
				C0306CBF407049C6BD98E63C /* Copy Pods Resources */,
			);
			buildRules = (
			);
			dependencies = (
			);
			name = Curiosity;
			productName = Curiosity;
			productReference = 2FBB755F19AC12D300203EF8 /* Curiosity.app */;
			productType = "com.apple.product-type.application";
		};
		2FBB757419AC12D300203EF8 /* CuriosityTests */ = {
			isa = PBXNativeTarget;
			buildConfigurationList = 2FBB758219AC12D300203EF8 /* Build configuration list for PBXNativeTarget "CuriosityTests" */;
			buildPhases = (
				389A5100268C48628CFB87E0 /* Check Pods Manifest.lock */,
				2FBB757119AC12D300203EF8 /* Sources */,
				2FBB757219AC12D300203EF8 /* Frameworks */,
				2FBB757319AC12D300203EF8 /* Resources */,
				6AB7B10379DA4E0F89E22E7D /* Copy Pods Resources */,
			);
			buildRules = (
			);
			dependencies = (
				2FBB757719AC12D300203EF8 /* PBXTargetDependency */,
			);
			name = CuriosityTests;
			productName = CuriosityTests;
			productReference = 2FBB757519AC12D300203EF8 /* CuriosityTests.xctest */;
			productType = "com.apple.product-type.bundle.unit-test";
		};
/* End PBXNativeTarget section */

/* Begin PBXProject section */
		2FBB755719AC12D300203EF8 /* Project object */ = {
			isa = PBXProject;
			attributes = {
				LastSwiftUpdateCheck = 0700;
				LastUpgradeCheck = 0700;
				ORGANIZATIONNAME = "Ryan Britt";
				TargetAttributes = {
					2FBB755E19AC12D300203EF8 = {
						CreatedOnToolsVersion = 6.0;
						DevelopmentTeam = 5SHT6D4V49;
					};
					2FBB757419AC12D300203EF8 = {
						CreatedOnToolsVersion = 6.0;
						TestTargetID = 2FBB755E19AC12D300203EF8;
					};
				};
			};
			buildConfigurationList = 2FBB755A19AC12D300203EF8 /* Build configuration list for PBXProject "Curiosity" */;
			compatibilityVersion = "Xcode 3.2";
			developmentRegion = English;
			hasScannedForEncodings = 0;
			knownRegions = (
				en,
				Base,
			);
			mainGroup = 2FBB755619AC12D300203EF8;
			productRefGroup = 2FBB756019AC12D300203EF8 /* Products */;
			projectDirPath = "";
			projectReferences = (
				{
					ProductGroup = 2FD07D5F1AAD2AFA00286329 /* Products */;
					ProjectRef = 2FD07D5E1AAD2AFA00286329 /* Cent.xcodeproj */;
				},
				{
					ProductGroup = 2FD07D6E1AAD2AFA00286329 /* Products */;
					ProjectRef = 2FD07D6D1AAD2AFA00286329 /* Dollar.xcodeproj */;
				},
			);
			projectRoot = "";
			targets = (
				2FBB755E19AC12D300203EF8 /* Curiosity */,
				2FBB757419AC12D300203EF8 /* CuriosityTests */,
			);
		};
/* End PBXProject section */

/* Begin PBXReferenceProxy section */
		2FD07D7D1AAD2AFA00286329 /* Cent.framework */ = {
			isa = PBXReferenceProxy;
			fileType = wrapper.framework;
			path = Cent.framework;
			remoteRef = 2FD07D7C1AAD2AFA00286329 /* PBXContainerItemProxy */;
			sourceTree = BUILT_PRODUCTS_DIR;
		};
		2FD07D7F1AAD2AFA00286329 /* CentTests.xctest */ = {
			isa = PBXReferenceProxy;
			fileType = wrapper.cfbundle;
			path = CentTests.xctest;
			remoteRef = 2FD07D7E1AAD2AFA00286329 /* PBXContainerItemProxy */;
			sourceTree = BUILT_PRODUCTS_DIR;
		};
		2FD07D831AAD2AFA00286329 /* Dollar.framework */ = {
			isa = PBXReferenceProxy;
			fileType = wrapper.framework;
			path = Dollar.framework;
			remoteRef = 2FD07D821AAD2AFA00286329 /* PBXContainerItemProxy */;
			sourceTree = BUILT_PRODUCTS_DIR;
		};
		2FD07D851AAD2AFA00286329 /* DollarTests.xctest */ = {
			isa = PBXReferenceProxy;
			fileType = wrapper.cfbundle;
			path = DollarTests.xctest;
			remoteRef = 2FD07D841AAD2AFA00286329 /* PBXContainerItemProxy */;
			sourceTree = BUILT_PRODUCTS_DIR;
		};
/* End PBXReferenceProxy section */

/* Begin PBXResourcesBuildPhase section */
		2FBB755D19AC12D300203EF8 /* Resources */ = {
			isa = PBXResourcesBuildPhase;
			buildActionMask = 2147483647;
			files = (
				2F815DA01AAD3EC3008A0688 /* flowers.png in Resources */,
				2F815DA21AAD3EC3008A0688 /* spark.png in Resources */,
				2F8B5BC41A71BAD9008C13C9 /* Tutorial3.sks in Resources */,
				2F8B5BC61A71BAD9008C13C9 /* Tutorial5.sks in Resources */,
				2F815D9E1AAD3EC3008A0688 /* blueDayBackground.png in Resources */,
				2F8B5BC31A71BAD9008C13C9 /* Tutorial2.sks in Resources */,
				2F815DA31AAD3EC3008A0688 /* Tree top.png in Resources */,
				2F8B5BC01A71BAD9008C13C9 /* Level 1.sks in Resources */,
				2FBDB94D1A55CDA000B0B500 /* CharacterInformation.plist in Resources */,
				2F815DA11AAD3EC3008A0688 /* hills.png in Resources */,
				2FBB757019AC12D300203EF8 /* Images.xcassets in Resources */,
				2F8B5BC11A71BAD9008C13C9 /* Level 2.sks in Resources */,
				2FF474231A4DE67B0080AD51 /* Podfile in Resources */,
				2FBB756E19AC12D300203EF8 /* Main.storyboard in Resources */,
				2F8B5BC21A71BAD9008C13C9 /* Tutorial1.sks in Resources */,
				2F815D9F1AAD3EC3008A0688 /* Curiosity.png in Resources */,
				2F8B5BC51A71BAD9008C13C9 /* Tutorial4.sks in Resources */,
				2FAD9CE11AC74A4D0097AF34 /* Play.png in Resources */,
				2F8B5BC71A71BAD9008C13C9 /* Tutorial6.sks in Resources */,
				2F2DBB1219C67799002CA7ED /* MyParticle.sks in Resources */,
			);
			runOnlyForDeploymentPostprocessing = 0;
		};
		2FBB757319AC12D300203EF8 /* Resources */ = {
			isa = PBXResourcesBuildPhase;
			buildActionMask = 2147483647;
			files = (
			);
			runOnlyForDeploymentPostprocessing = 0;
		};
/* End PBXResourcesBuildPhase section */

/* Begin PBXShellScriptBuildPhase section */
		389A5100268C48628CFB87E0 /* Check Pods Manifest.lock */ = {
			isa = PBXShellScriptBuildPhase;
			buildActionMask = 2147483647;
			files = (
			);
			inputPaths = (
			);
			name = "Check Pods Manifest.lock";
			outputPaths = (
			);
			runOnlyForDeploymentPostprocessing = 0;
			shellPath = /bin/sh;
			shellScript = "diff \"${PODS_ROOT}/../Podfile.lock\" \"${PODS_ROOT}/Manifest.lock\" > /dev/null\nif [[ $? != 0 ]] ; then\n    cat << EOM\nerror: The sandbox is not in sync with the Podfile.lock. Run 'pod install' or update your CocoaPods installation.\nEOM\n    exit 1\nfi\n";
			showEnvVarsInLog = 0;
		};
		6AB7B10379DA4E0F89E22E7D /* Copy Pods Resources */ = {
			isa = PBXShellScriptBuildPhase;
			buildActionMask = 2147483647;
			files = (
			);
			inputPaths = (
			);
			name = "Copy Pods Resources";
			outputPaths = (
			);
			runOnlyForDeploymentPostprocessing = 0;
			shellPath = /bin/sh;
			shellScript = "\"${SRCROOT}/Pods/Target Support Files/Pods-CuriosityTests/Pods-CuriosityTests-resources.sh\"\n";
			showEnvVarsInLog = 0;
		};
		B36A9095F5C345C08B649FF1 /* Check Pods Manifest.lock */ = {
			isa = PBXShellScriptBuildPhase;
			buildActionMask = 2147483647;
			files = (
			);
			inputPaths = (
			);
			name = "Check Pods Manifest.lock";
			outputPaths = (
			);
			runOnlyForDeploymentPostprocessing = 0;
			shellPath = /bin/sh;
			shellScript = "diff \"${PODS_ROOT}/../Podfile.lock\" \"${PODS_ROOT}/Manifest.lock\" > /dev/null\nif [[ $? != 0 ]] ; then\n    cat << EOM\nerror: The sandbox is not in sync with the Podfile.lock. Run 'pod install' or update your CocoaPods installation.\nEOM\n    exit 1\nfi\n";
			showEnvVarsInLog = 0;
		};
		C0306CBF407049C6BD98E63C /* Copy Pods Resources */ = {
			isa = PBXShellScriptBuildPhase;
			buildActionMask = 2147483647;
			files = (
			);
			inputPaths = (
			);
			name = "Copy Pods Resources";
			outputPaths = (
			);
			runOnlyForDeploymentPostprocessing = 0;
			shellPath = /bin/sh;
			shellScript = "\"${SRCROOT}/Pods/Target Support Files/Pods-Curiosity/Pods-Curiosity-resources.sh\"\n";
			showEnvVarsInLog = 0;
		};
/* End PBXShellScriptBuildPhase section */

/* Begin PBXSourcesBuildPhase section */
		2FBB755B19AC12D300203EF8 /* Sources */ = {
			isa = PBXSourcesBuildPhase;
			buildActionMask = 2147483647;
			files = (
				2F3C2E551A28E6CA00A293EA /* PBParallaxScrolling.m in Sources */,
				2F3DB8351A4F28B600AA6919 /* LevelSelectViewController.swift in Sources */,
				2F254EBB1A746BAD00DBC8D8 /* GameLevelConfig.swift in Sources */,
				2F254EBD1A75704B00DBC8D8 /* EndLevelViewController.swift in Sources */,
				2FBB756919AC12D300203EF8 /* CuriosityScene.swift in Sources */,
				2FBDB94A1A5111B900B0B500 /* Item.swift in Sources */,
				2FBB756B19AC12D300203EF8 /* GameViewController.swift in Sources */,
				2FB0625C1A367E00002C812E /* Character.swift in Sources */,
				2F4F6BA41A5650F400668939 /* Utilities and Enums.swift in Sources */,
				2FAD9CE51AC799020097AF34 /* LevelSelectPageViewController.swift in Sources */,
				2FBB756519AC12D300203EF8 /* AppDelegate.swift in Sources */,
			);
			runOnlyForDeploymentPostprocessing = 0;
		};
		2FBB757119AC12D300203EF8 /* Sources */ = {
			isa = PBXSourcesBuildPhase;
			buildActionMask = 2147483647;
			files = (
				2F3C2E561A28FA4F00A293EA /* PBParallaxScrolling.m in Sources */,
				2FBB757C19AC12D300203EF8 /* CuriosityTests.swift in Sources */,
			);
			runOnlyForDeploymentPostprocessing = 0;
		};
/* End PBXSourcesBuildPhase section */

/* Begin PBXTargetDependency section */
		2FBB757719AC12D300203EF8 /* PBXTargetDependency */ = {
			isa = PBXTargetDependency;
			target = 2FBB755E19AC12D300203EF8 /* Curiosity */;
			targetProxy = 2FBB757619AC12D300203EF8 /* PBXContainerItemProxy */;
		};
/* End PBXTargetDependency section */

/* Begin PBXVariantGroup section */
		2FBB756C19AC12D300203EF8 /* Main.storyboard */ = {
			isa = PBXVariantGroup;
			children = (
				2FBB756D19AC12D300203EF8 /* Base */,
			);
			name = Main.storyboard;
			path = Curiosity;
			sourceTree = "<group>";
		};
/* End PBXVariantGroup section */

/* Begin XCBuildConfiguration section */
		2FBB757D19AC12D300203EF8 /* Debug */ = {
			isa = XCBuildConfiguration;
			buildSettings = {
				ALWAYS_SEARCH_USER_PATHS = NO;
				CLANG_CXX_LANGUAGE_STANDARD = "gnu++0x";
				CLANG_CXX_LIBRARY = "libc++";
				CLANG_ENABLE_MODULES = YES;
				CLANG_ENABLE_OBJC_ARC = YES;
				CLANG_WARN_BOOL_CONVERSION = YES;
				CLANG_WARN_CONSTANT_CONVERSION = YES;
				CLANG_WARN_DIRECT_OBJC_ISA_USAGE = YES_ERROR;
				CLANG_WARN_EMPTY_BODY = YES;
				CLANG_WARN_ENUM_CONVERSION = YES;
				CLANG_WARN_INT_CONVERSION = YES;
				CLANG_WARN_OBJC_ROOT_CLASS = YES_ERROR;
				CLANG_WARN_UNREACHABLE_CODE = YES;
				CLANG_WARN__DUPLICATE_METHOD_MATCH = YES;
				"CODE_SIGN_IDENTITY[sdk=iphoneos*]" = "iPhone Developer";
				COPY_PHASE_STRIP = NO;
				EMBEDDED_CONTENT_CONTAINS_SWIFT = YES;
				ENABLE_STRICT_OBJC_MSGSEND = YES;
				ENABLE_TESTABILITY = YES;
				GCC_C_LANGUAGE_STANDARD = gnu99;
				GCC_DYNAMIC_NO_PIC = NO;
				GCC_OPTIMIZATION_LEVEL = 0;
				GCC_PREPROCESSOR_DEFINITIONS = (
					"DEBUG=1",
					"$(inherited)",
				);
				GCC_SYMBOLS_PRIVATE_EXTERN = NO;
				GCC_WARN_64_TO_32_BIT_CONVERSION = YES;
				GCC_WARN_ABOUT_RETURN_TYPE = YES_ERROR;
				GCC_WARN_UNDECLARED_SELECTOR = YES;
				GCC_WARN_UNINITIALIZED_AUTOS = YES_AGGRESSIVE;
				GCC_WARN_UNUSED_FUNCTION = YES;
				GCC_WARN_UNUSED_VARIABLE = YES;
				IPHONEOS_DEPLOYMENT_TARGET = 9.0;
				LD_RUNPATH_SEARCH_PATHS = "$(inherited) @executable_path/Frameworks";
				MTL_ENABLE_DEBUG_INFO = YES;
				ONLY_ACTIVE_ARCH = YES;
				SDKROOT = iphoneos;
				SWIFT_OPTIMIZATION_LEVEL = "-Onone";
				TARGETED_DEVICE_FAMILY = "1,2";
			};
			name = Debug;
		};
		2FBB757E19AC12D300203EF8 /* Release */ = {
			isa = XCBuildConfiguration;
			buildSettings = {
				ALWAYS_SEARCH_USER_PATHS = NO;
				CLANG_CXX_LANGUAGE_STANDARD = "gnu++0x";
				CLANG_CXX_LIBRARY = "libc++";
				CLANG_ENABLE_MODULES = YES;
				CLANG_ENABLE_OBJC_ARC = YES;
				CLANG_WARN_BOOL_CONVERSION = YES;
				CLANG_WARN_CONSTANT_CONVERSION = YES;
				CLANG_WARN_DIRECT_OBJC_ISA_USAGE = YES_ERROR;
				CLANG_WARN_EMPTY_BODY = YES;
				CLANG_WARN_ENUM_CONVERSION = YES;
				CLANG_WARN_INT_CONVERSION = YES;
				CLANG_WARN_OBJC_ROOT_CLASS = YES_ERROR;
				CLANG_WARN_UNREACHABLE_CODE = YES;
				CLANG_WARN__DUPLICATE_METHOD_MATCH = YES;
				"CODE_SIGN_IDENTITY[sdk=iphoneos*]" = "iPhone Developer";
				COPY_PHASE_STRIP = YES;
				EMBEDDED_CONTENT_CONTAINS_SWIFT = YES;
				ENABLE_NS_ASSERTIONS = NO;
				ENABLE_STRICT_OBJC_MSGSEND = YES;
				GCC_C_LANGUAGE_STANDARD = gnu99;
				GCC_WARN_64_TO_32_BIT_CONVERSION = YES;
				GCC_WARN_ABOUT_RETURN_TYPE = YES_ERROR;
				GCC_WARN_UNDECLARED_SELECTOR = YES;
				GCC_WARN_UNINITIALIZED_AUTOS = YES_AGGRESSIVE;
				GCC_WARN_UNUSED_FUNCTION = YES;
				GCC_WARN_UNUSED_VARIABLE = YES;
				IPHONEOS_DEPLOYMENT_TARGET = 9.0;
				LD_RUNPATH_SEARCH_PATHS = "$(inherited) @executable_path/Frameworks";
				MTL_ENABLE_DEBUG_INFO = NO;
				SDKROOT = iphoneos;
				TARGETED_DEVICE_FAMILY = "1,2";
				VALIDATE_PRODUCT = YES;
			};
			name = Release;
		};
		2FBB758019AC12D300203EF8 /* Debug */ = {
			isa = XCBuildConfiguration;
			baseConfigurationReference = E8D27766BEA39922E2B3CBCA /* Pods-Curiosity.debug.xcconfig */;
			buildSettings = {
				ASSETCATALOG_COMPILER_APPICON_NAME = AppIcon;
				CODE_SIGN_IDENTITY = "iPhone Developer";
				"CODE_SIGN_IDENTITY[sdk=iphoneos*]" = "iPhone Developer";
				INFOPLIST_FILE = Curiosity/Info.plist;
				IPHONEOS_DEPLOYMENT_TARGET = 9.0;
				LD_RUNPATH_SEARCH_PATHS = "$(inherited) @executable_path/Frameworks";
				PRODUCT_BUNDLE_IDENTIFIER = "com.Ryan.Britt.$(PRODUCT_NAME:rfc1034identifier)";
				PRODUCT_NAME = "$(TARGET_NAME)";
				PROVISIONING_PROFILE = "";
				STRIP_INSTALLED_PRODUCT = YES;
				SWIFT_OBJC_BRIDGING_HEADER = "ObjC-BridgingHeader.h";
				TARGETED_DEVICE_FAMILY = "1,2";
			};
			name = Debug;
		};
		2FBB758119AC12D300203EF8 /* Release */ = {
			isa = XCBuildConfiguration;
			baseConfigurationReference = 50B9EF99F721ED9F198D014E /* Pods-Curiosity.release.xcconfig */;
			buildSettings = {
				ASSETCATALOG_COMPILER_APPICON_NAME = AppIcon;
				CODE_SIGN_IDENTITY = "iPhone Developer";
				"CODE_SIGN_IDENTITY[sdk=iphoneos*]" = "iPhone Developer";
				INFOPLIST_FILE = Curiosity/Info.plist;
				IPHONEOS_DEPLOYMENT_TARGET = 9.0;
				LD_RUNPATH_SEARCH_PATHS = "$(inherited) @executable_path/Frameworks";
				PRODUCT_BUNDLE_IDENTIFIER = "com.Ryan.Britt.$(PRODUCT_NAME:rfc1034identifier)";
				PRODUCT_NAME = "$(TARGET_NAME)";
				PROVISIONING_PROFILE = "";
				STRIP_INSTALLED_PRODUCT = YES;
				SWIFT_OBJC_BRIDGING_HEADER = "ObjC-BridgingHeader.h";
				TARGETED_DEVICE_FAMILY = "1,2";
			};
			name = Release;
		};
		2FBB758319AC12D300203EF8 /* Debug */ = {
			isa = XCBuildConfiguration;
			baseConfigurationReference = 64E3B1334E4DB4698341BECF /* Pods-CuriosityTests.debug.xcconfig */;
			buildSettings = {
				BUNDLE_LOADER = "$(TEST_HOST)";
				CLANG_ENABLE_MODULES = YES;
				FRAMEWORK_SEARCH_PATHS = (
					"$(SDKROOT)/Developer/Library/Frameworks",
					"$(inherited)",
				);
				GCC_PREPROCESSOR_DEFINITIONS = (
					"DEBUG=1",
					"$(inherited)",
				);
				INFOPLIST_FILE = CuriosityTests/Info.plist;
				LD_RUNPATH_SEARCH_PATHS = "$(inherited) @executable_path/Frameworks @loader_path/Frameworks";
				PRODUCT_BUNDLE_IDENTIFIER = "com.Ryan.Britt.$(PRODUCT_NAME:rfc1034identifier)";
				PRODUCT_NAME = "$(TARGET_NAME)";
				SDKROOT = iphoneos;
				SWIFT_OBJC_BRIDGING_HEADER = "ObjC-BridgingHeader.h";
				SWIFT_OPTIMIZATION_LEVEL = "-Onone";
				TEST_HOST = "$(BUILT_PRODUCTS_DIR)/Curiosity.app/Curiosity";
			};
			name = Debug;
		};
		2FBB758419AC12D300203EF8 /* Release */ = {
			isa = XCBuildConfiguration;
			baseConfigurationReference = 25DD13A8FB60357DFFF6210A /* Pods-CuriosityTests.release.xcconfig */;
			buildSettings = {
				BUNDLE_LOADER = "$(TEST_HOST)";
				CLANG_ENABLE_MODULES = YES;
				FRAMEWORK_SEARCH_PATHS = (
					"$(SDKROOT)/Developer/Library/Frameworks",
					"$(inherited)",
				);
				INFOPLIST_FILE = CuriosityTests/Info.plist;
				LD_RUNPATH_SEARCH_PATHS = "$(inherited) @executable_path/Frameworks @loader_path/Frameworks";
				PRODUCT_BUNDLE_IDENTIFIER = "com.Ryan.Britt.$(PRODUCT_NAME:rfc1034identifier)";
				PRODUCT_NAME = "$(TARGET_NAME)";
				SDKROOT = iphoneos;
				SWIFT_OBJC_BRIDGING_HEADER = "ObjC-BridgingHeader.h";
				TEST_HOST = "$(BUILT_PRODUCTS_DIR)/Curiosity.app/Curiosity";
			};
			name = Release;
		};
/* End XCBuildConfiguration section */

/* Begin XCConfigurationList section */
		2FBB755A19AC12D300203EF8 /* Build configuration list for PBXProject "Curiosity" */ = {
			isa = XCConfigurationList;
			buildConfigurations = (
				2FBB757D19AC12D300203EF8 /* Debug */,
				2FBB757E19AC12D300203EF8 /* Release */,
			);
			defaultConfigurationIsVisible = 0;
			defaultConfigurationName = Release;
		};
		2FBB757F19AC12D300203EF8 /* Build configuration list for PBXNativeTarget "Curiosity" */ = {
			isa = XCConfigurationList;
			buildConfigurations = (
				2FBB758019AC12D300203EF8 /* Debug */,
				2FBB758119AC12D300203EF8 /* Release */,
			);
			defaultConfigurationIsVisible = 0;
			defaultConfigurationName = Release;
		};
		2FBB758219AC12D300203EF8 /* Build configuration list for PBXNativeTarget "CuriosityTests" */ = {
			isa = XCConfigurationList;
			buildConfigurations = (
				2FBB758319AC12D300203EF8 /* Debug */,
				2FBB758419AC12D300203EF8 /* Release */,
			);
			defaultConfigurationIsVisible = 0;
			defaultConfigurationName = Release;
		};
/* End XCConfigurationList section */
	};
	rootObject = 2FBB755719AC12D300203EF8 /* Project object */;
}
